
Microsoft Visual Studio Solution File, Format Version 12.00
# Visual Studio 15
VisualStudioVersion = 15.0.26711.1
MinimumVisualStudioVersion = 10.0.40219.1
Project("{9A19103F-16F7-4668-BE54-9A1E7A4F7556}") = "Telerik.Core", "Core.UWP\Telerik.Core.csproj", "{1652093C-B541-48C9-BCB6-BBE7CE7C7FFE}"
EndProject
Project("{9A19103F-16F7-4668-BE54-9A1E7A4F7556}") = "Telerik.Data", "Data.UWP\Telerik.Data.csproj", "{453EDD2C-5B29-4D4E-B4DA-578D0BDCA06F}"
EndProject
Project("{2150E333-8FDC-42A3-9474-1A3956D46DE8}") = "Primitives", "Primitives", "{1535A007-5BC4-41B6-B9CA-FDC7AAFA75F9}"
EndProject
Project("{9A19103F-16F7-4668-BE54-9A1E7A4F7556}") = "Telerik.Primitives", "Primitives\Primitives.UWP\Telerik.Primitives.csproj", "{BF14F352-F1B9-4CDE-854B-0339259A4CFD}"
EndProject
Project("{2150E333-8FDC-42A3-9474-1A3956D46DE8}") = "Chart", "Chart", "{AC00B3FD-1033-4E91-99ED-768191AF090C}"
EndProject
Project("{FAE04EC0-301F-11D3-BF4B-00C04F79EFBC}") = "Chart.UWP", "Chart\Chart.UWP\Chart.UWP.csproj", "{B1A0D416-9566-45CC-AA38-41908D28CE56}"
EndProject
Project("{2150E333-8FDC-42A3-9474-1A3956D46DE8}") = "DataVisualization", "DataVisualization", "{83874C89-FB6F-4CAA-B48C-E5985E0FC14A}"
EndProject
Project("{FAE04EC0-301F-11D3-BF4B-00C04F79EFBC}") = "DataVisualization.UWP", "DataVisualization\DataVisualization.UWP\DataVisualization.UWP.csproj", "{53D05634-F960-4526-8008-F082A598A0E4}"
EndProject
Project("{2150E333-8FDC-42A3-9474-1A3956D46DE8}") = "Input", "Input", "{9DEA169A-8E03-47A5-82C4-EB239B686252}"
EndProject
Project("{9A19103F-16F7-4668-BE54-9A1E7A4F7556}") = "Telerik.Input", "Input\Input.UWP\Telerik.Input.csproj", "{5DB497CD-B469-42A8-AE39-41B8465710A6}"
EndProject
Project("{2150E333-8FDC-42A3-9474-1A3956D46DE8}") = "DataControls", "DataControls", "{FEE19EE0-392E-41B9-9D37-2D77826B5647}"
EndProject
Project("{FAE04EC0-301F-11D3-BF4B-00C04F79EFBC}") = "DataControls.UWP", "DataControls\DataControls.UWP\DataControls.UWP.csproj", "{02174A60-4907-449E-818C-A25A39C0B3DC}"
EndProject
Project("{2150E333-8FDC-42A3-9474-1A3956D46DE8}") = "Grid", "Grid", "{B644D976-FFDC-4BD6-9DA2-76F25D04CDA7}"
EndProject
Project("{FAE04EC0-301F-11D3-BF4B-00C04F79EFBC}") = "Grid.UWP", "Grid\Grid.UWP\Grid.UWP.csproj", "{23930C19-5A0F-4217-A80A-868505D629A4}"
EndProject
Project("{2150E333-8FDC-42A3-9474-1A3956D46DE8}") = "Samples", "Samples", "{10CF1793-41E5-4043-9E23-18639EA44B81}"
EndProject
Project("{D954291E-2A0B-460D-934E-DC6B0785DB48}") = "SampleApp.Shared", "SampleApp\SampleApp\SampleApp.Shared\SampleApp.Shared.shproj", "{6279C845-92F8-4333-AB99-3D213163593C}"
EndProject
Project("{FAE04EC0-301F-11D3-BF4B-00C04F79EFBC}") = "SampleApp.Droid", "SampleApp\SampleApp\SampleApp.Droid\SampleApp.Droid.csproj", "{980FCDA6-15CD-426E-9BD2-F5DAE9B98617}"
EndProject
Project("{FAE04EC0-301F-11D3-BF4B-00C04F79EFBC}") = "SampleApp.iOS", "SampleApp\SampleApp\SampleApp.iOS\SampleApp.iOS.csproj", "{64CF249A-555C-4AE5-A1B3-4CA11C306727}"
EndProject
Project("{FAE04EC0-301F-11D3-BF4B-00C04F79EFBC}") = "SampleApp.UWP", "SampleApp\SampleApp\SampleApp.UWP\SampleApp.UWP.csproj", "{074B554C-E3A5-4BDC-9EE3-DD04670D4EB8}"
EndProject
Global
	GlobalSection(SharedMSBuildProjectFiles) = preSolution
		SampleApp\SampleApp\SampleApp.Shared\SampleApp.Shared.projitems*{074b554c-e3a5-4bdc-9ee3-dd04670d4eb8}*SharedItemsImports = 4
		SampleApp\SampleApp\SampleApp.Shared\SampleApp.Shared.projitems*{6279c845-92f8-4333-ab99-3d213163593c}*SharedItemsImports = 13
		SampleApp\SampleApp\SampleApp.Shared\SampleApp.Shared.projitems*{64cf249a-555c-4ae5-a1b3-4ca11c306727}*SharedItemsImports = 4
		SampleApp\SampleApp\SampleApp.Shared\SampleApp.Shared.projitems*{980fcda6-15cd-426e-9bd2-f5dae9b98617}*SharedItemsImports = 4
	EndGlobalSection
	GlobalSection(SolutionConfigurationPlatforms) = preSolution
		Ad-Hoc|Any CPU = Ad-Hoc|Any CPU
		Ad-Hoc|ARM = Ad-Hoc|ARM
		Ad-Hoc|iPhone = Ad-Hoc|iPhone
		Ad-Hoc|iPhoneSimulator = Ad-Hoc|iPhoneSimulator
		Ad-Hoc|x64 = Ad-Hoc|x64
		Ad-Hoc|x86 = Ad-Hoc|x86
		AppStore|Any CPU = AppStore|Any CPU
		AppStore|ARM = AppStore|ARM
		AppStore|iPhone = AppStore|iPhone
		AppStore|iPhoneSimulator = AppStore|iPhoneSimulator
		AppStore|x64 = AppStore|x64
		AppStore|x86 = AppStore|x86
		Debug|Any CPU = Debug|Any CPU
		Debug|ARM = Debug|ARM
		Debug|iPhone = Debug|iPhone
		Debug|iPhoneSimulator = Debug|iPhoneSimulator
		Debug|x64 = Debug|x64
		Debug|x86 = Debug|x86
		Release|Any CPU = Release|Any CPU
		Release|ARM = Release|ARM
		Release|iPhone = Release|iPhone
		Release|iPhoneSimulator = Release|iPhoneSimulator
		Release|x64 = Release|x64
		Release|x86 = Release|x86
	EndGlobalSection
	GlobalSection(ProjectConfigurationPlatforms) = postSolution
		{1652093C-B541-48C9-BCB6-BBE7CE7C7FFE}.Ad-Hoc|Any CPU.ActiveCfg = Release|Any CPU
		{1652093C-B541-48C9-BCB6-BBE7CE7C7FFE}.Ad-Hoc|Any CPU.Build.0 = Release|Any CPU
		{1652093C-B541-48C9-BCB6-BBE7CE7C7FFE}.Ad-Hoc|ARM.ActiveCfg = Release|Any CPU
		{1652093C-B541-48C9-BCB6-BBE7CE7C7FFE}.Ad-Hoc|ARM.Build.0 = Release|Any CPU
		{1652093C-B541-48C9-BCB6-BBE7CE7C7FFE}.Ad-Hoc|iPhone.ActiveCfg = Release|Any CPU
		{1652093C-B541-48C9-BCB6-BBE7CE7C7FFE}.Ad-Hoc|iPhone.Build.0 = Release|Any CPU
		{1652093C-B541-48C9-BCB6-BBE7CE7C7FFE}.Ad-Hoc|iPhoneSimulator.ActiveCfg = Release|Any CPU
		{1652093C-B541-48C9-BCB6-BBE7CE7C7FFE}.Ad-Hoc|iPhoneSimulator.Build.0 = Release|Any CPU
		{1652093C-B541-48C9-BCB6-BBE7CE7C7FFE}.Ad-Hoc|x64.ActiveCfg = Release|Any CPU
		{1652093C-B541-48C9-BCB6-BBE7CE7C7FFE}.Ad-Hoc|x64.Build.0 = Release|Any CPU
		{1652093C-B541-48C9-BCB6-BBE7CE7C7FFE}.Ad-Hoc|x86.ActiveCfg = Release|Any CPU
		{1652093C-B541-48C9-BCB6-BBE7CE7C7FFE}.Ad-Hoc|x86.Build.0 = Release|Any CPU
		{1652093C-B541-48C9-BCB6-BBE7CE7C7FFE}.AppStore|Any CPU.ActiveCfg = Release|Any CPU
		{1652093C-B541-48C9-BCB6-BBE7CE7C7FFE}.AppStore|Any CPU.Build.0 = Release|Any CPU
		{1652093C-B541-48C9-BCB6-BBE7CE7C7FFE}.AppStore|ARM.ActiveCfg = Release|Any CPU
		{1652093C-B541-48C9-BCB6-BBE7CE7C7FFE}.AppStore|ARM.Build.0 = Release|Any CPU
		{1652093C-B541-48C9-BCB6-BBE7CE7C7FFE}.AppStore|iPhone.ActiveCfg = Release|Any CPU
		{1652093C-B541-48C9-BCB6-BBE7CE7C7FFE}.AppStore|iPhone.Build.0 = Release|Any CPU
		{1652093C-B541-48C9-BCB6-BBE7CE7C7FFE}.AppStore|iPhoneSimulator.ActiveCfg = Release|Any CPU
		{1652093C-B541-48C9-BCB6-BBE7CE7C7FFE}.AppStore|iPhoneSimulator.Build.0 = Release|Any CPU
		{1652093C-B541-48C9-BCB6-BBE7CE7C7FFE}.AppStore|x64.ActiveCfg = Release|Any CPU
		{1652093C-B541-48C9-BCB6-BBE7CE7C7FFE}.AppStore|x64.Build.0 = Release|Any CPU
		{1652093C-B541-48C9-BCB6-BBE7CE7C7FFE}.AppStore|x86.ActiveCfg = Release|Any CPU
		{1652093C-B541-48C9-BCB6-BBE7CE7C7FFE}.AppStore|x86.Build.0 = Release|Any CPU
		{1652093C-B541-48C9-BCB6-BBE7CE7C7FFE}.Debug|Any CPU.ActiveCfg = Debug|Any CPU
		{1652093C-B541-48C9-BCB6-BBE7CE7C7FFE}.Debug|Any CPU.Build.0 = Debug|Any CPU
		{1652093C-B541-48C9-BCB6-BBE7CE7C7FFE}.Debug|ARM.ActiveCfg = Debug|Any CPU
		{1652093C-B541-48C9-BCB6-BBE7CE7C7FFE}.Debug|ARM.Build.0 = Debug|Any CPU
		{1652093C-B541-48C9-BCB6-BBE7CE7C7FFE}.Debug|iPhone.ActiveCfg = Debug|Any CPU
		{1652093C-B541-48C9-BCB6-BBE7CE7C7FFE}.Debug|iPhone.Build.0 = Debug|Any CPU
		{1652093C-B541-48C9-BCB6-BBE7CE7C7FFE}.Debug|iPhoneSimulator.ActiveCfg = Debug|Any CPU
		{1652093C-B541-48C9-BCB6-BBE7CE7C7FFE}.Debug|iPhoneSimulator.Build.0 = Debug|Any CPU
		{1652093C-B541-48C9-BCB6-BBE7CE7C7FFE}.Debug|x64.ActiveCfg = Debug|Any CPU
		{1652093C-B541-48C9-BCB6-BBE7CE7C7FFE}.Debug|x64.Build.0 = Debug|Any CPU
		{1652093C-B541-48C9-BCB6-BBE7CE7C7FFE}.Debug|x86.ActiveCfg = Debug|Any CPU
		{1652093C-B541-48C9-BCB6-BBE7CE7C7FFE}.Debug|x86.Build.0 = Debug|Any CPU
		{1652093C-B541-48C9-BCB6-BBE7CE7C7FFE}.Release|Any CPU.ActiveCfg = Release|Any CPU
		{1652093C-B541-48C9-BCB6-BBE7CE7C7FFE}.Release|Any CPU.Build.0 = Release|Any CPU
		{1652093C-B541-48C9-BCB6-BBE7CE7C7FFE}.Release|ARM.ActiveCfg = Release|Any CPU
		{1652093C-B541-48C9-BCB6-BBE7CE7C7FFE}.Release|ARM.Build.0 = Release|Any CPU
		{1652093C-B541-48C9-BCB6-BBE7CE7C7FFE}.Release|iPhone.ActiveCfg = Release|Any CPU
		{1652093C-B541-48C9-BCB6-BBE7CE7C7FFE}.Release|iPhone.Build.0 = Release|Any CPU
		{1652093C-B541-48C9-BCB6-BBE7CE7C7FFE}.Release|iPhoneSimulator.ActiveCfg = Release|Any CPU
		{1652093C-B541-48C9-BCB6-BBE7CE7C7FFE}.Release|iPhoneSimulator.Build.0 = Release|Any CPU
		{1652093C-B541-48C9-BCB6-BBE7CE7C7FFE}.Release|x64.ActiveCfg = Release|Any CPU
		{1652093C-B541-48C9-BCB6-BBE7CE7C7FFE}.Release|x64.Build.0 = Release|Any CPU
		{1652093C-B541-48C9-BCB6-BBE7CE7C7FFE}.Release|x86.ActiveCfg = Release|Any CPU
		{1652093C-B541-48C9-BCB6-BBE7CE7C7FFE}.Release|x86.Build.0 = Release|Any CPU
		{453EDD2C-5B29-4D4E-B4DA-578D0BDCA06F}.Ad-Hoc|Any CPU.ActiveCfg = Release|Any CPU
		{453EDD2C-5B29-4D4E-B4DA-578D0BDCA06F}.Ad-Hoc|Any CPU.Build.0 = Release|Any CPU
		{453EDD2C-5B29-4D4E-B4DA-578D0BDCA06F}.Ad-Hoc|ARM.ActiveCfg = Release|Any CPU
		{453EDD2C-5B29-4D4E-B4DA-578D0BDCA06F}.Ad-Hoc|ARM.Build.0 = Release|Any CPU
		{453EDD2C-5B29-4D4E-B4DA-578D0BDCA06F}.Ad-Hoc|iPhone.ActiveCfg = Release|Any CPU
		{453EDD2C-5B29-4D4E-B4DA-578D0BDCA06F}.Ad-Hoc|iPhone.Build.0 = Release|Any CPU
		{453EDD2C-5B29-4D4E-B4DA-578D0BDCA06F}.Ad-Hoc|iPhoneSimulator.ActiveCfg = Release|Any CPU
		{453EDD2C-5B29-4D4E-B4DA-578D0BDCA06F}.Ad-Hoc|iPhoneSimulator.Build.0 = Release|Any CPU
		{453EDD2C-5B29-4D4E-B4DA-578D0BDCA06F}.Ad-Hoc|x64.ActiveCfg = Release|Any CPU
		{453EDD2C-5B29-4D4E-B4DA-578D0BDCA06F}.Ad-Hoc|x64.Build.0 = Release|Any CPU
		{453EDD2C-5B29-4D4E-B4DA-578D0BDCA06F}.Ad-Hoc|x86.ActiveCfg = Release|Any CPU
		{453EDD2C-5B29-4D4E-B4DA-578D0BDCA06F}.Ad-Hoc|x86.Build.0 = Release|Any CPU
		{453EDD2C-5B29-4D4E-B4DA-578D0BDCA06F}.AppStore|Any CPU.ActiveCfg = Release|Any CPU
		{453EDD2C-5B29-4D4E-B4DA-578D0BDCA06F}.AppStore|Any CPU.Build.0 = Release|Any CPU
		{453EDD2C-5B29-4D4E-B4DA-578D0BDCA06F}.AppStore|ARM.ActiveCfg = Release|Any CPU
		{453EDD2C-5B29-4D4E-B4DA-578D0BDCA06F}.AppStore|ARM.Build.0 = Release|Any CPU
		{453EDD2C-5B29-4D4E-B4DA-578D0BDCA06F}.AppStore|iPhone.ActiveCfg = Release|Any CPU
		{453EDD2C-5B29-4D4E-B4DA-578D0BDCA06F}.AppStore|iPhone.Build.0 = Release|Any CPU
		{453EDD2C-5B29-4D4E-B4DA-578D0BDCA06F}.AppStore|iPhoneSimulator.ActiveCfg = Release|Any CPU
		{453EDD2C-5B29-4D4E-B4DA-578D0BDCA06F}.AppStore|iPhoneSimulator.Build.0 = Release|Any CPU
		{453EDD2C-5B29-4D4E-B4DA-578D0BDCA06F}.AppStore|x64.ActiveCfg = Release|Any CPU
		{453EDD2C-5B29-4D4E-B4DA-578D0BDCA06F}.AppStore|x64.Build.0 = Release|Any CPU
		{453EDD2C-5B29-4D4E-B4DA-578D0BDCA06F}.AppStore|x86.ActiveCfg = Release|Any CPU
		{453EDD2C-5B29-4D4E-B4DA-578D0BDCA06F}.AppStore|x86.Build.0 = Release|Any CPU
		{453EDD2C-5B29-4D4E-B4DA-578D0BDCA06F}.Debug|Any CPU.ActiveCfg = Debug|Any CPU
		{453EDD2C-5B29-4D4E-B4DA-578D0BDCA06F}.Debug|Any CPU.Build.0 = Debug|Any CPU
		{453EDD2C-5B29-4D4E-B4DA-578D0BDCA06F}.Debug|ARM.ActiveCfg = Debug|Any CPU
		{453EDD2C-5B29-4D4E-B4DA-578D0BDCA06F}.Debug|ARM.Build.0 = Debug|Any CPU
		{453EDD2C-5B29-4D4E-B4DA-578D0BDCA06F}.Debug|iPhone.ActiveCfg = Debug|Any CPU
		{453EDD2C-5B29-4D4E-B4DA-578D0BDCA06F}.Debug|iPhone.Build.0 = Debug|Any CPU
		{453EDD2C-5B29-4D4E-B4DA-578D0BDCA06F}.Debug|iPhoneSimulator.ActiveCfg = Debug|Any CPU
		{453EDD2C-5B29-4D4E-B4DA-578D0BDCA06F}.Debug|iPhoneSimulator.Build.0 = Debug|Any CPU
		{453EDD2C-5B29-4D4E-B4DA-578D0BDCA06F}.Debug|x64.ActiveCfg = Debug|Any CPU
		{453EDD2C-5B29-4D4E-B4DA-578D0BDCA06F}.Debug|x64.Build.0 = Debug|Any CPU
		{453EDD2C-5B29-4D4E-B4DA-578D0BDCA06F}.Debug|x86.ActiveCfg = Debug|Any CPU
		{453EDD2C-5B29-4D4E-B4DA-578D0BDCA06F}.Debug|x86.Build.0 = Debug|Any CPU
		{453EDD2C-5B29-4D4E-B4DA-578D0BDCA06F}.Release|Any CPU.ActiveCfg = Release|Any CPU
		{453EDD2C-5B29-4D4E-B4DA-578D0BDCA06F}.Release|Any CPU.Build.0 = Release|Any CPU
		{453EDD2C-5B29-4D4E-B4DA-578D0BDCA06F}.Release|ARM.ActiveCfg = Release|Any CPU
		{453EDD2C-5B29-4D4E-B4DA-578D0BDCA06F}.Release|ARM.Build.0 = Release|Any CPU
		{453EDD2C-5B29-4D4E-B4DA-578D0BDCA06F}.Release|iPhone.ActiveCfg = Release|Any CPU
		{453EDD2C-5B29-4D4E-B4DA-578D0BDCA06F}.Release|iPhone.Build.0 = Release|Any CPU
		{453EDD2C-5B29-4D4E-B4DA-578D0BDCA06F}.Release|iPhoneSimulator.ActiveCfg = Release|Any CPU
		{453EDD2C-5B29-4D4E-B4DA-578D0BDCA06F}.Release|iPhoneSimulator.Build.0 = Release|Any CPU
		{453EDD2C-5B29-4D4E-B4DA-578D0BDCA06F}.Release|x64.ActiveCfg = Release|Any CPU
		{453EDD2C-5B29-4D4E-B4DA-578D0BDCA06F}.Release|x64.Build.0 = Release|Any CPU
		{453EDD2C-5B29-4D4E-B4DA-578D0BDCA06F}.Release|x86.ActiveCfg = Release|Any CPU
		{453EDD2C-5B29-4D4E-B4DA-578D0BDCA06F}.Release|x86.Build.0 = Release|Any CPU
		{BF14F352-F1B9-4CDE-854B-0339259A4CFD}.Ad-Hoc|Any CPU.ActiveCfg = Release|Any CPU
		{BF14F352-F1B9-4CDE-854B-0339259A4CFD}.Ad-Hoc|Any CPU.Build.0 = Release|Any CPU
		{BF14F352-F1B9-4CDE-854B-0339259A4CFD}.Ad-Hoc|ARM.ActiveCfg = Release|Any CPU
		{BF14F352-F1B9-4CDE-854B-0339259A4CFD}.Ad-Hoc|ARM.Build.0 = Release|Any CPU
		{BF14F352-F1B9-4CDE-854B-0339259A4CFD}.Ad-Hoc|iPhone.ActiveCfg = Release|Any CPU
		{BF14F352-F1B9-4CDE-854B-0339259A4CFD}.Ad-Hoc|iPhone.Build.0 = Release|Any CPU
		{BF14F352-F1B9-4CDE-854B-0339259A4CFD}.Ad-Hoc|iPhoneSimulator.ActiveCfg = Release|Any CPU
		{BF14F352-F1B9-4CDE-854B-0339259A4CFD}.Ad-Hoc|iPhoneSimulator.Build.0 = Release|Any CPU
		{BF14F352-F1B9-4CDE-854B-0339259A4CFD}.Ad-Hoc|x64.ActiveCfg = Release|Any CPU
		{BF14F352-F1B9-4CDE-854B-0339259A4CFD}.Ad-Hoc|x64.Build.0 = Release|Any CPU
		{BF14F352-F1B9-4CDE-854B-0339259A4CFD}.Ad-Hoc|x86.ActiveCfg = Release|Any CPU
		{BF14F352-F1B9-4CDE-854B-0339259A4CFD}.Ad-Hoc|x86.Build.0 = Release|Any CPU
		{BF14F352-F1B9-4CDE-854B-0339259A4CFD}.AppStore|Any CPU.ActiveCfg = Release|Any CPU
		{BF14F352-F1B9-4CDE-854B-0339259A4CFD}.AppStore|Any CPU.Build.0 = Release|Any CPU
		{BF14F352-F1B9-4CDE-854B-0339259A4CFD}.AppStore|ARM.ActiveCfg = Release|Any CPU
		{BF14F352-F1B9-4CDE-854B-0339259A4CFD}.AppStore|ARM.Build.0 = Release|Any CPU
		{BF14F352-F1B9-4CDE-854B-0339259A4CFD}.AppStore|iPhone.ActiveCfg = Release|Any CPU
		{BF14F352-F1B9-4CDE-854B-0339259A4CFD}.AppStore|iPhone.Build.0 = Release|Any CPU
		{BF14F352-F1B9-4CDE-854B-0339259A4CFD}.AppStore|iPhoneSimulator.ActiveCfg = Release|Any CPU
		{BF14F352-F1B9-4CDE-854B-0339259A4CFD}.AppStore|iPhoneSimulator.Build.0 = Release|Any CPU
		{BF14F352-F1B9-4CDE-854B-0339259A4CFD}.AppStore|x64.ActiveCfg = Release|Any CPU
		{BF14F352-F1B9-4CDE-854B-0339259A4CFD}.AppStore|x64.Build.0 = Release|Any CPU
		{BF14F352-F1B9-4CDE-854B-0339259A4CFD}.AppStore|x86.ActiveCfg = Release|Any CPU
		{BF14F352-F1B9-4CDE-854B-0339259A4CFD}.AppStore|x86.Build.0 = Release|Any CPU
		{BF14F352-F1B9-4CDE-854B-0339259A4CFD}.Debug|Any CPU.ActiveCfg = Debug|Any CPU
		{BF14F352-F1B9-4CDE-854B-0339259A4CFD}.Debug|Any CPU.Build.0 = Debug|Any CPU
		{BF14F352-F1B9-4CDE-854B-0339259A4CFD}.Debug|ARM.ActiveCfg = Debug|Any CPU
		{BF14F352-F1B9-4CDE-854B-0339259A4CFD}.Debug|ARM.Build.0 = Debug|Any CPU
		{BF14F352-F1B9-4CDE-854B-0339259A4CFD}.Debug|iPhone.ActiveCfg = Debug|Any CPU
		{BF14F352-F1B9-4CDE-854B-0339259A4CFD}.Debug|iPhone.Build.0 = Debug|Any CPU
		{BF14F352-F1B9-4CDE-854B-0339259A4CFD}.Debug|iPhoneSimulator.ActiveCfg = Debug|Any CPU
		{BF14F352-F1B9-4CDE-854B-0339259A4CFD}.Debug|iPhoneSimulator.Build.0 = Debug|Any CPU
		{BF14F352-F1B9-4CDE-854B-0339259A4CFD}.Debug|x64.ActiveCfg = Debug|Any CPU
		{BF14F352-F1B9-4CDE-854B-0339259A4CFD}.Debug|x64.Build.0 = Debug|Any CPU
		{BF14F352-F1B9-4CDE-854B-0339259A4CFD}.Debug|x86.ActiveCfg = Debug|Any CPU
		{BF14F352-F1B9-4CDE-854B-0339259A4CFD}.Debug|x86.Build.0 = Debug|Any CPU
		{BF14F352-F1B9-4CDE-854B-0339259A4CFD}.Release|Any CPU.ActiveCfg = Release|Any CPU
		{BF14F352-F1B9-4CDE-854B-0339259A4CFD}.Release|Any CPU.Build.0 = Release|Any CPU
		{BF14F352-F1B9-4CDE-854B-0339259A4CFD}.Release|ARM.ActiveCfg = Release|Any CPU
		{BF14F352-F1B9-4CDE-854B-0339259A4CFD}.Release|ARM.Build.0 = Release|Any CPU
		{BF14F352-F1B9-4CDE-854B-0339259A4CFD}.Release|iPhone.ActiveCfg = Release|Any CPU
		{BF14F352-F1B9-4CDE-854B-0339259A4CFD}.Release|iPhone.Build.0 = Release|Any CPU
		{BF14F352-F1B9-4CDE-854B-0339259A4CFD}.Release|iPhoneSimulator.ActiveCfg = Release|Any CPU
		{BF14F352-F1B9-4CDE-854B-0339259A4CFD}.Release|iPhoneSimulator.Build.0 = Release|Any CPU
		{BF14F352-F1B9-4CDE-854B-0339259A4CFD}.Release|x64.ActiveCfg = Release|Any CPU
		{BF14F352-F1B9-4CDE-854B-0339259A4CFD}.Release|x64.Build.0 = Release|Any CPU
		{BF14F352-F1B9-4CDE-854B-0339259A4CFD}.Release|x86.ActiveCfg = Release|Any CPU
		{BF14F352-F1B9-4CDE-854B-0339259A4CFD}.Release|x86.Build.0 = Release|Any CPU
		{B1A0D416-9566-45CC-AA38-41908D28CE56}.Ad-Hoc|Any CPU.ActiveCfg = Release|Any CPU
		{B1A0D416-9566-45CC-AA38-41908D28CE56}.Ad-Hoc|ARM.ActiveCfg = Release|Any CPU
		{B1A0D416-9566-45CC-AA38-41908D28CE56}.Ad-Hoc|iPhone.ActiveCfg = Release|Any CPU
		{B1A0D416-9566-45CC-AA38-41908D28CE56}.Ad-Hoc|iPhoneSimulator.ActiveCfg = Release|Any CPU
		{B1A0D416-9566-45CC-AA38-41908D28CE56}.Ad-Hoc|x64.ActiveCfg = Release|Any CPU
		{B1A0D416-9566-45CC-AA38-41908D28CE56}.Ad-Hoc|x86.ActiveCfg = Release|Any CPU
		{B1A0D416-9566-45CC-AA38-41908D28CE56}.AppStore|Any CPU.ActiveCfg = Release|Any CPU
		{B1A0D416-9566-45CC-AA38-41908D28CE56}.AppStore|ARM.ActiveCfg = Release|Any CPU
		{B1A0D416-9566-45CC-AA38-41908D28CE56}.AppStore|iPhone.ActiveCfg = Release|Any CPU
		{B1A0D416-9566-45CC-AA38-41908D28CE56}.AppStore|iPhoneSimulator.ActiveCfg = Release|Any CPU
		{B1A0D416-9566-45CC-AA38-41908D28CE56}.AppStore|x64.ActiveCfg = Release|Any CPU
		{B1A0D416-9566-45CC-AA38-41908D28CE56}.AppStore|x86.ActiveCfg = Release|Any CPU
		{B1A0D416-9566-45CC-AA38-41908D28CE56}.Debug|Any CPU.ActiveCfg = Debug|Any CPU
		{B1A0D416-9566-45CC-AA38-41908D28CE56}.Debug|Any CPU.Build.0 = Debug|Any CPU
		{B1A0D416-9566-45CC-AA38-41908D28CE56}.Debug|ARM.ActiveCfg = Debug|Any CPU
		{B1A0D416-9566-45CC-AA38-41908D28CE56}.Debug|iPhone.ActiveCfg = Debug|Any CPU
		{B1A0D416-9566-45CC-AA38-41908D28CE56}.Debug|iPhoneSimulator.ActiveCfg = Debug|Any CPU
		{B1A0D416-9566-45CC-AA38-41908D28CE56}.Debug|x64.ActiveCfg = Debug|Any CPU
		{B1A0D416-9566-45CC-AA38-41908D28CE56}.Debug|x86.ActiveCfg = Debug|Any CPU
		{B1A0D416-9566-45CC-AA38-41908D28CE56}.Release|Any CPU.ActiveCfg = Release|Any CPU
		{B1A0D416-9566-45CC-AA38-41908D28CE56}.Release|Any CPU.Build.0 = Release|Any CPU
		{B1A0D416-9566-45CC-AA38-41908D28CE56}.Release|ARM.ActiveCfg = Release|Any CPU
		{B1A0D416-9566-45CC-AA38-41908D28CE56}.Release|iPhone.ActiveCfg = Release|Any CPU
		{B1A0D416-9566-45CC-AA38-41908D28CE56}.Release|iPhoneSimulator.ActiveCfg = Release|Any CPU
		{B1A0D416-9566-45CC-AA38-41908D28CE56}.Release|x64.ActiveCfg = Release|Any CPU
		{B1A0D416-9566-45CC-AA38-41908D28CE56}.Release|x86.ActiveCfg = Release|Any CPU
		{53D05634-F960-4526-8008-F082A598A0E4}.Ad-Hoc|Any CPU.ActiveCfg = Release|Any CPU
		{53D05634-F960-4526-8008-F082A598A0E4}.Ad-Hoc|ARM.ActiveCfg = Release|Any CPU
		{53D05634-F960-4526-8008-F082A598A0E4}.Ad-Hoc|iPhone.ActiveCfg = Release|Any CPU
		{53D05634-F960-4526-8008-F082A598A0E4}.Ad-Hoc|iPhoneSimulator.ActiveCfg = Release|Any CPU
		{53D05634-F960-4526-8008-F082A598A0E4}.Ad-Hoc|x64.ActiveCfg = Release|Any CPU
		{53D05634-F960-4526-8008-F082A598A0E4}.Ad-Hoc|x86.ActiveCfg = Release|Any CPU
		{53D05634-F960-4526-8008-F082A598A0E4}.AppStore|Any CPU.ActiveCfg = Release|Any CPU
		{53D05634-F960-4526-8008-F082A598A0E4}.AppStore|ARM.ActiveCfg = Release|Any CPU
		{53D05634-F960-4526-8008-F082A598A0E4}.AppStore|iPhone.ActiveCfg = Release|Any CPU
		{53D05634-F960-4526-8008-F082A598A0E4}.AppStore|iPhoneSimulator.ActiveCfg = Release|Any CPU
		{53D05634-F960-4526-8008-F082A598A0E4}.AppStore|x64.ActiveCfg = Release|Any CPU
		{53D05634-F960-4526-8008-F082A598A0E4}.AppStore|x86.ActiveCfg = Release|Any CPU
		{53D05634-F960-4526-8008-F082A598A0E4}.Debug|Any CPU.ActiveCfg = Debug|Any CPU
		{53D05634-F960-4526-8008-F082A598A0E4}.Debug|Any CPU.Build.0 = Debug|Any CPU
		{53D05634-F960-4526-8008-F082A598A0E4}.Debug|ARM.ActiveCfg = Debug|Any CPU
		{53D05634-F960-4526-8008-F082A598A0E4}.Debug|iPhone.ActiveCfg = Debug|Any CPU
		{53D05634-F960-4526-8008-F082A598A0E4}.Debug|iPhoneSimulator.ActiveCfg = Debug|Any CPU
		{53D05634-F960-4526-8008-F082A598A0E4}.Debug|x64.ActiveCfg = Debug|Any CPU
		{53D05634-F960-4526-8008-F082A598A0E4}.Debug|x86.ActiveCfg = Debug|Any CPU
		{53D05634-F960-4526-8008-F082A598A0E4}.Release|Any CPU.ActiveCfg = Release|Any CPU
		{53D05634-F960-4526-8008-F082A598A0E4}.Release|Any CPU.Build.0 = Release|Any CPU
		{53D05634-F960-4526-8008-F082A598A0E4}.Release|ARM.ActiveCfg = Release|Any CPU
		{53D05634-F960-4526-8008-F082A598A0E4}.Release|iPhone.ActiveCfg = Release|Any CPU
		{53D05634-F960-4526-8008-F082A598A0E4}.Release|iPhoneSimulator.ActiveCfg = Release|Any CPU
		{53D05634-F960-4526-8008-F082A598A0E4}.Release|x64.ActiveCfg = Release|Any CPU
		{53D05634-F960-4526-8008-F082A598A0E4}.Release|x86.ActiveCfg = Release|Any CPU
		{5DB497CD-B469-42A8-AE39-41B8465710A6}.Ad-Hoc|Any CPU.ActiveCfg = Release|Any CPU
		{5DB497CD-B469-42A8-AE39-41B8465710A6}.Ad-Hoc|Any CPU.Build.0 = Release|Any CPU
		{5DB497CD-B469-42A8-AE39-41B8465710A6}.Ad-Hoc|ARM.ActiveCfg = Release|Any CPU
		{5DB497CD-B469-42A8-AE39-41B8465710A6}.Ad-Hoc|ARM.Build.0 = Release|Any CPU
		{5DB497CD-B469-42A8-AE39-41B8465710A6}.Ad-Hoc|iPhone.ActiveCfg = Release|Any CPU
		{5DB497CD-B469-42A8-AE39-41B8465710A6}.Ad-Hoc|iPhone.Build.0 = Release|Any CPU
		{5DB497CD-B469-42A8-AE39-41B8465710A6}.Ad-Hoc|iPhoneSimulator.ActiveCfg = Release|Any CPU
		{5DB497CD-B469-42A8-AE39-41B8465710A6}.Ad-Hoc|iPhoneSimulator.Build.0 = Release|Any CPU
		{5DB497CD-B469-42A8-AE39-41B8465710A6}.Ad-Hoc|x64.ActiveCfg = Release|Any CPU
		{5DB497CD-B469-42A8-AE39-41B8465710A6}.Ad-Hoc|x64.Build.0 = Release|Any CPU
		{5DB497CD-B469-42A8-AE39-41B8465710A6}.Ad-Hoc|x86.ActiveCfg = Release|Any CPU
		{5DB497CD-B469-42A8-AE39-41B8465710A6}.Ad-Hoc|x86.Build.0 = Release|Any CPU
		{5DB497CD-B469-42A8-AE39-41B8465710A6}.AppStore|Any CPU.ActiveCfg = Release|Any CPU
		{5DB497CD-B469-42A8-AE39-41B8465710A6}.AppStore|Any CPU.Build.0 = Release|Any CPU
		{5DB497CD-B469-42A8-AE39-41B8465710A6}.AppStore|ARM.ActiveCfg = Release|Any CPU
		{5DB497CD-B469-42A8-AE39-41B8465710A6}.AppStore|ARM.Build.0 = Release|Any CPU
		{5DB497CD-B469-42A8-AE39-41B8465710A6}.AppStore|iPhone.ActiveCfg = Release|Any CPU
		{5DB497CD-B469-42A8-AE39-41B8465710A6}.AppStore|iPhone.Build.0 = Release|Any CPU
		{5DB497CD-B469-42A8-AE39-41B8465710A6}.AppStore|iPhoneSimulator.ActiveCfg = Release|Any CPU
		{5DB497CD-B469-42A8-AE39-41B8465710A6}.AppStore|iPhoneSimulator.Build.0 = Release|Any CPU
		{5DB497CD-B469-42A8-AE39-41B8465710A6}.AppStore|x64.ActiveCfg = Release|Any CPU
		{5DB497CD-B469-42A8-AE39-41B8465710A6}.AppStore|x64.Build.0 = Release|Any CPU
		{5DB497CD-B469-42A8-AE39-41B8465710A6}.AppStore|x86.ActiveCfg = Release|Any CPU
		{5DB497CD-B469-42A8-AE39-41B8465710A6}.AppStore|x86.Build.0 = Release|Any CPU
		{5DB497CD-B469-42A8-AE39-41B8465710A6}.Debug|Any CPU.ActiveCfg = Debug|Any CPU
		{5DB497CD-B469-42A8-AE39-41B8465710A6}.Debug|Any CPU.Build.0 = Debug|Any CPU
		{5DB497CD-B469-42A8-AE39-41B8465710A6}.Debug|ARM.ActiveCfg = Debug|Any CPU
		{5DB497CD-B469-42A8-AE39-41B8465710A6}.Debug|ARM.Build.0 = Debug|Any CPU
		{5DB497CD-B469-42A8-AE39-41B8465710A6}.Debug|iPhone.ActiveCfg = Debug|Any CPU
		{5DB497CD-B469-42A8-AE39-41B8465710A6}.Debug|iPhone.Build.0 = Debug|Any CPU
		{5DB497CD-B469-42A8-AE39-41B8465710A6}.Debug|iPhoneSimulator.ActiveCfg = Debug|Any CPU
		{5DB497CD-B469-42A8-AE39-41B8465710A6}.Debug|iPhoneSimulator.Build.0 = Debug|Any CPU
		{5DB497CD-B469-42A8-AE39-41B8465710A6}.Debug|x64.ActiveCfg = Debug|Any CPU
		{5DB497CD-B469-42A8-AE39-41B8465710A6}.Debug|x64.Build.0 = Debug|Any CPU
		{5DB497CD-B469-42A8-AE39-41B8465710A6}.Debug|x86.ActiveCfg = Debug|Any CPU
		{5DB497CD-B469-42A8-AE39-41B8465710A6}.Debug|x86.Build.0 = Debug|Any CPU
		{5DB497CD-B469-42A8-AE39-41B8465710A6}.Release|Any CPU.ActiveCfg = Release|Any CPU
		{5DB497CD-B469-42A8-AE39-41B8465710A6}.Release|Any CPU.Build.0 = Release|Any CPU
		{5DB497CD-B469-42A8-AE39-41B8465710A6}.Release|ARM.ActiveCfg = Release|Any CPU
		{5DB497CD-B469-42A8-AE39-41B8465710A6}.Release|ARM.Build.0 = Release|Any CPU
		{5DB497CD-B469-42A8-AE39-41B8465710A6}.Release|iPhone.ActiveCfg = Release|Any CPU
		{5DB497CD-B469-42A8-AE39-41B8465710A6}.Release|iPhone.Build.0 = Release|Any CPU
		{5DB497CD-B469-42A8-AE39-41B8465710A6}.Release|iPhoneSimulator.ActiveCfg = Release|Any CPU
		{5DB497CD-B469-42A8-AE39-41B8465710A6}.Release|iPhoneSimulator.Build.0 = Release|Any CPU
		{5DB497CD-B469-42A8-AE39-41B8465710A6}.Release|x64.ActiveCfg = Release|Any CPU
		{5DB497CD-B469-42A8-AE39-41B8465710A6}.Release|x64.Build.0 = Release|Any CPU
		{5DB497CD-B469-42A8-AE39-41B8465710A6}.Release|x86.ActiveCfg = Release|Any CPU
		{5DB497CD-B469-42A8-AE39-41B8465710A6}.Release|x86.Build.0 = Release|Any CPU
		{02174A60-4907-449E-818C-A25A39C0B3DC}.Ad-Hoc|Any CPU.ActiveCfg = Release|Any CPU
		{02174A60-4907-449E-818C-A25A39C0B3DC}.Ad-Hoc|ARM.ActiveCfg = Release|Any CPU
		{02174A60-4907-449E-818C-A25A39C0B3DC}.Ad-Hoc|iPhone.ActiveCfg = Release|Any CPU
		{02174A60-4907-449E-818C-A25A39C0B3DC}.Ad-Hoc|iPhoneSimulator.ActiveCfg = Release|Any CPU
		{02174A60-4907-449E-818C-A25A39C0B3DC}.Ad-Hoc|x64.ActiveCfg = Release|Any CPU
		{02174A60-4907-449E-818C-A25A39C0B3DC}.Ad-Hoc|x86.ActiveCfg = Release|Any CPU
		{02174A60-4907-449E-818C-A25A39C0B3DC}.AppStore|Any CPU.ActiveCfg = Release|Any CPU
		{02174A60-4907-449E-818C-A25A39C0B3DC}.AppStore|ARM.ActiveCfg = Release|Any CPU
		{02174A60-4907-449E-818C-A25A39C0B3DC}.AppStore|iPhone.ActiveCfg = Release|Any CPU
		{02174A60-4907-449E-818C-A25A39C0B3DC}.AppStore|iPhoneSimulator.ActiveCfg = Release|Any CPU
		{02174A60-4907-449E-818C-A25A39C0B3DC}.AppStore|x64.ActiveCfg = Release|Any CPU
		{02174A60-4907-449E-818C-A25A39C0B3DC}.AppStore|x86.ActiveCfg = Release|Any CPU
		{02174A60-4907-449E-818C-A25A39C0B3DC}.Debug|Any CPU.ActiveCfg = Debug|Any CPU
		{02174A60-4907-449E-818C-A25A39C0B3DC}.Debug|Any CPU.Build.0 = Debug|Any CPU
		{02174A60-4907-449E-818C-A25A39C0B3DC}.Debug|ARM.ActiveCfg = Debug|Any CPU
		{02174A60-4907-449E-818C-A25A39C0B3DC}.Debug|iPhone.ActiveCfg = Debug|Any CPU
		{02174A60-4907-449E-818C-A25A39C0B3DC}.Debug|iPhoneSimulator.ActiveCfg = Debug|Any CPU
		{02174A60-4907-449E-818C-A25A39C0B3DC}.Debug|x64.ActiveCfg = Debug|Any CPU
		{02174A60-4907-449E-818C-A25A39C0B3DC}.Debug|x86.ActiveCfg = Debug|Any CPU
		{02174A60-4907-449E-818C-A25A39C0B3DC}.Release|Any CPU.ActiveCfg = Release|Any CPU
		{02174A60-4907-449E-818C-A25A39C0B3DC}.Release|Any CPU.Build.0 = Release|Any CPU
		{02174A60-4907-449E-818C-A25A39C0B3DC}.Release|ARM.ActiveCfg = Release|Any CPU
		{02174A60-4907-449E-818C-A25A39C0B3DC}.Release|iPhone.ActiveCfg = Release|Any CPU
		{02174A60-4907-449E-818C-A25A39C0B3DC}.Release|iPhoneSimulator.ActiveCfg = Release|Any CPU
		{02174A60-4907-449E-818C-A25A39C0B3DC}.Release|x64.ActiveCfg = Release|Any CPU
		{02174A60-4907-449E-818C-A25A39C0B3DC}.Release|x86.ActiveCfg = Release|Any CPU
		{23930C19-5A0F-4217-A80A-868505D629A4}.Ad-Hoc|Any CPU.ActiveCfg = Release|Any CPU
		{23930C19-5A0F-4217-A80A-868505D629A4}.Ad-Hoc|ARM.ActiveCfg = Release|Any CPU
		{23930C19-5A0F-4217-A80A-868505D629A4}.Ad-Hoc|iPhone.ActiveCfg = Release|Any CPU
		{23930C19-5A0F-4217-A80A-868505D629A4}.Ad-Hoc|iPhoneSimulator.ActiveCfg = Release|Any CPU
		{23930C19-5A0F-4217-A80A-868505D629A4}.Ad-Hoc|x64.ActiveCfg = Release|Any CPU
		{23930C19-5A0F-4217-A80A-868505D629A4}.Ad-Hoc|x86.ActiveCfg = Release|Any CPU
		{23930C19-5A0F-4217-A80A-868505D629A4}.AppStore|Any CPU.ActiveCfg = Release|Any CPU
		{23930C19-5A0F-4217-A80A-868505D629A4}.AppStore|ARM.ActiveCfg = Release|Any CPU
		{23930C19-5A0F-4217-A80A-868505D629A4}.AppStore|iPhone.ActiveCfg = Release|Any CPU
		{23930C19-5A0F-4217-A80A-868505D629A4}.AppStore|iPhoneSimulator.ActiveCfg = Release|Any CPU
		{23930C19-5A0F-4217-A80A-868505D629A4}.AppStore|x64.ActiveCfg = Release|Any CPU
		{23930C19-5A0F-4217-A80A-868505D629A4}.AppStore|x86.ActiveCfg = Release|Any CPU
		{23930C19-5A0F-4217-A80A-868505D629A4}.Debug|Any CPU.ActiveCfg = Debug|Any CPU
		{23930C19-5A0F-4217-A80A-868505D629A4}.Debug|Any CPU.Build.0 = Debug|Any CPU
		{23930C19-5A0F-4217-A80A-868505D629A4}.Debug|ARM.ActiveCfg = Debug|Any CPU
		{23930C19-5A0F-4217-A80A-868505D629A4}.Debug|iPhone.ActiveCfg = Debug|Any CPU
		{23930C19-5A0F-4217-A80A-868505D629A4}.Debug|iPhoneSimulator.ActiveCfg = Debug|Any CPU
		{23930C19-5A0F-4217-A80A-868505D629A4}.Debug|x64.ActiveCfg = Debug|Any CPU
		{23930C19-5A0F-4217-A80A-868505D629A4}.Debug|x86.ActiveCfg = Debug|Any CPU
		{23930C19-5A0F-4217-A80A-868505D629A4}.Release|Any CPU.ActiveCfg = Release|Any CPU
		{23930C19-5A0F-4217-A80A-868505D629A4}.Release|Any CPU.Build.0 = Release|Any CPU
		{23930C19-5A0F-4217-A80A-868505D629A4}.Release|ARM.ActiveCfg = Release|Any CPU
		{23930C19-5A0F-4217-A80A-868505D629A4}.Release|iPhone.ActiveCfg = Release|Any CPU
		{23930C19-5A0F-4217-A80A-868505D629A4}.Release|iPhoneSimulator.ActiveCfg = Release|Any CPU
		{23930C19-5A0F-4217-A80A-868505D629A4}.Release|x64.ActiveCfg = Release|Any CPU
		{23930C19-5A0F-4217-A80A-868505D629A4}.Release|x86.ActiveCfg = Release|Any CPU
		{980FCDA6-15CD-426E-9BD2-F5DAE9B98617}.Ad-Hoc|Any CPU.ActiveCfg = Release|Any CPU
		{980FCDA6-15CD-426E-9BD2-F5DAE9B98617}.Ad-Hoc|Any CPU.Build.0 = Release|Any CPU
		{980FCDA6-15CD-426E-9BD2-F5DAE9B98617}.Ad-Hoc|Any CPU.Deploy.0 = Release|Any CPU
		{980FCDA6-15CD-426E-9BD2-F5DAE9B98617}.Ad-Hoc|ARM.ActiveCfg = Release|Any CPU
		{980FCDA6-15CD-426E-9BD2-F5DAE9B98617}.Ad-Hoc|ARM.Build.0 = Release|Any CPU
		{980FCDA6-15CD-426E-9BD2-F5DAE9B98617}.Ad-Hoc|ARM.Deploy.0 = Release|Any CPU
		{980FCDA6-15CD-426E-9BD2-F5DAE9B98617}.Ad-Hoc|iPhone.ActiveCfg = Release|Any CPU
		{980FCDA6-15CD-426E-9BD2-F5DAE9B98617}.Ad-Hoc|iPhone.Build.0 = Release|Any CPU
		{980FCDA6-15CD-426E-9BD2-F5DAE9B98617}.Ad-Hoc|iPhone.Deploy.0 = Release|Any CPU
		{980FCDA6-15CD-426E-9BD2-F5DAE9B98617}.Ad-Hoc|iPhoneSimulator.ActiveCfg = Release|Any CPU
		{980FCDA6-15CD-426E-9BD2-F5DAE9B98617}.Ad-Hoc|iPhoneSimulator.Build.0 = Release|Any CPU
		{980FCDA6-15CD-426E-9BD2-F5DAE9B98617}.Ad-Hoc|iPhoneSimulator.Deploy.0 = Release|Any CPU
		{980FCDA6-15CD-426E-9BD2-F5DAE9B98617}.Ad-Hoc|x64.ActiveCfg = Release|Any CPU
		{980FCDA6-15CD-426E-9BD2-F5DAE9B98617}.Ad-Hoc|x64.Build.0 = Release|Any CPU
		{980FCDA6-15CD-426E-9BD2-F5DAE9B98617}.Ad-Hoc|x64.Deploy.0 = Release|Any CPU
		{980FCDA6-15CD-426E-9BD2-F5DAE9B98617}.Ad-Hoc|x86.ActiveCfg = Release|Any CPU
		{980FCDA6-15CD-426E-9BD2-F5DAE9B98617}.Ad-Hoc|x86.Build.0 = Release|Any CPU
		{980FCDA6-15CD-426E-9BD2-F5DAE9B98617}.Ad-Hoc|x86.Deploy.0 = Release|Any CPU
		{980FCDA6-15CD-426E-9BD2-F5DAE9B98617}.AppStore|Any CPU.ActiveCfg = Release|Any CPU
		{980FCDA6-15CD-426E-9BD2-F5DAE9B98617}.AppStore|Any CPU.Build.0 = Release|Any CPU
		{980FCDA6-15CD-426E-9BD2-F5DAE9B98617}.AppStore|Any CPU.Deploy.0 = Release|Any CPU
		{980FCDA6-15CD-426E-9BD2-F5DAE9B98617}.AppStore|ARM.ActiveCfg = Release|Any CPU
		{980FCDA6-15CD-426E-9BD2-F5DAE9B98617}.AppStore|ARM.Build.0 = Release|Any CPU
		{980FCDA6-15CD-426E-9BD2-F5DAE9B98617}.AppStore|ARM.Deploy.0 = Release|Any CPU
		{980FCDA6-15CD-426E-9BD2-F5DAE9B98617}.AppStore|iPhone.ActiveCfg = Release|Any CPU
		{980FCDA6-15CD-426E-9BD2-F5DAE9B98617}.AppStore|iPhone.Build.0 = Release|Any CPU
		{980FCDA6-15CD-426E-9BD2-F5DAE9B98617}.AppStore|iPhone.Deploy.0 = Release|Any CPU
		{980FCDA6-15CD-426E-9BD2-F5DAE9B98617}.AppStore|iPhoneSimulator.ActiveCfg = Release|Any CPU
		{980FCDA6-15CD-426E-9BD2-F5DAE9B98617}.AppStore|iPhoneSimulator.Build.0 = Release|Any CPU
		{980FCDA6-15CD-426E-9BD2-F5DAE9B98617}.AppStore|iPhoneSimulator.Deploy.0 = Release|Any CPU
		{980FCDA6-15CD-426E-9BD2-F5DAE9B98617}.AppStore|x64.ActiveCfg = Release|Any CPU
		{980FCDA6-15CD-426E-9BD2-F5DAE9B98617}.AppStore|x64.Build.0 = Release|Any CPU
		{980FCDA6-15CD-426E-9BD2-F5DAE9B98617}.AppStore|x64.Deploy.0 = Release|Any CPU
		{980FCDA6-15CD-426E-9BD2-F5DAE9B98617}.AppStore|x86.ActiveCfg = Release|Any CPU
		{980FCDA6-15CD-426E-9BD2-F5DAE9B98617}.AppStore|x86.Build.0 = Release|Any CPU
		{980FCDA6-15CD-426E-9BD2-F5DAE9B98617}.AppStore|x86.Deploy.0 = Release|Any CPU
		{980FCDA6-15CD-426E-9BD2-F5DAE9B98617}.Debug|Any CPU.ActiveCfg = Debug|Any CPU
		{980FCDA6-15CD-426E-9BD2-F5DAE9B98617}.Debug|Any CPU.Build.0 = Debug|Any CPU
		{980FCDA6-15CD-426E-9BD2-F5DAE9B98617}.Debug|Any CPU.Deploy.0 = Debug|Any CPU
		{980FCDA6-15CD-426E-9BD2-F5DAE9B98617}.Debug|ARM.ActiveCfg = Debug|Any CPU
		{980FCDA6-15CD-426E-9BD2-F5DAE9B98617}.Debug|ARM.Build.0 = Debug|Any CPU
		{980FCDA6-15CD-426E-9BD2-F5DAE9B98617}.Debug|ARM.Deploy.0 = Debug|Any CPU
		{980FCDA6-15CD-426E-9BD2-F5DAE9B98617}.Debug|iPhone.ActiveCfg = Debug|Any CPU
		{980FCDA6-15CD-426E-9BD2-F5DAE9B98617}.Debug|iPhone.Build.0 = Debug|Any CPU
		{980FCDA6-15CD-426E-9BD2-F5DAE9B98617}.Debug|iPhone.Deploy.0 = Debug|Any CPU
		{980FCDA6-15CD-426E-9BD2-F5DAE9B98617}.Debug|iPhoneSimulator.ActiveCfg = Debug|Any CPU
		{980FCDA6-15CD-426E-9BD2-F5DAE9B98617}.Debug|iPhoneSimulator.Build.0 = Debug|Any CPU
		{980FCDA6-15CD-426E-9BD2-F5DAE9B98617}.Debug|iPhoneSimulator.Deploy.0 = Debug|Any CPU
		{980FCDA6-15CD-426E-9BD2-F5DAE9B98617}.Debug|x64.ActiveCfg = Debug|Any CPU
		{980FCDA6-15CD-426E-9BD2-F5DAE9B98617}.Debug|x64.Build.0 = Debug|Any CPU
		{980FCDA6-15CD-426E-9BD2-F5DAE9B98617}.Debug|x64.Deploy.0 = Debug|Any CPU
		{980FCDA6-15CD-426E-9BD2-F5DAE9B98617}.Debug|x86.ActiveCfg = Debug|Any CPU
		{980FCDA6-15CD-426E-9BD2-F5DAE9B98617}.Debug|x86.Build.0 = Debug|Any CPU
		{980FCDA6-15CD-426E-9BD2-F5DAE9B98617}.Debug|x86.Deploy.0 = Debug|Any CPU
		{980FCDA6-15CD-426E-9BD2-F5DAE9B98617}.Release|Any CPU.ActiveCfg = Release|Any CPU
		{980FCDA6-15CD-426E-9BD2-F5DAE9B98617}.Release|Any CPU.Build.0 = Release|Any CPU
		{980FCDA6-15CD-426E-9BD2-F5DAE9B98617}.Release|Any CPU.Deploy.0 = Release|Any CPU
		{980FCDA6-15CD-426E-9BD2-F5DAE9B98617}.Release|ARM.ActiveCfg = Release|Any CPU
		{980FCDA6-15CD-426E-9BD2-F5DAE9B98617}.Release|ARM.Build.0 = Release|Any CPU
		{980FCDA6-15CD-426E-9BD2-F5DAE9B98617}.Release|ARM.Deploy.0 = Release|Any CPU
		{980FCDA6-15CD-426E-9BD2-F5DAE9B98617}.Release|iPhone.ActiveCfg = Release|Any CPU
		{980FCDA6-15CD-426E-9BD2-F5DAE9B98617}.Release|iPhone.Build.0 = Release|Any CPU
		{980FCDA6-15CD-426E-9BD2-F5DAE9B98617}.Release|iPhone.Deploy.0 = Release|Any CPU
		{980FCDA6-15CD-426E-9BD2-F5DAE9B98617}.Release|iPhoneSimulator.ActiveCfg = Release|Any CPU
		{980FCDA6-15CD-426E-9BD2-F5DAE9B98617}.Release|iPhoneSimulator.Build.0 = Release|Any CPU
		{980FCDA6-15CD-426E-9BD2-F5DAE9B98617}.Release|iPhoneSimulator.Deploy.0 = Release|Any CPU
		{980FCDA6-15CD-426E-9BD2-F5DAE9B98617}.Release|x64.ActiveCfg = Release|Any CPU
		{980FCDA6-15CD-426E-9BD2-F5DAE9B98617}.Release|x64.Build.0 = Release|Any CPU
		{980FCDA6-15CD-426E-9BD2-F5DAE9B98617}.Release|x64.Deploy.0 = Release|Any CPU
		{980FCDA6-15CD-426E-9BD2-F5DAE9B98617}.Release|x86.ActiveCfg = Release|Any CPU
		{980FCDA6-15CD-426E-9BD2-F5DAE9B98617}.Release|x86.Build.0 = Release|Any CPU
		{980FCDA6-15CD-426E-9BD2-F5DAE9B98617}.Release|x86.Deploy.0 = Release|Any CPU
		{64CF249A-555C-4AE5-A1B3-4CA11C306727}.Ad-Hoc|Any CPU.ActiveCfg = Ad-Hoc|iPhone
		{64CF249A-555C-4AE5-A1B3-4CA11C306727}.Ad-Hoc|ARM.ActiveCfg = Ad-Hoc|iPhone
		{64CF249A-555C-4AE5-A1B3-4CA11C306727}.Ad-Hoc|iPhone.ActiveCfg = Ad-Hoc|iPhone
		{64CF249A-555C-4AE5-A1B3-4CA11C306727}.Ad-Hoc|iPhone.Build.0 = Ad-Hoc|iPhone
		{64CF249A-555C-4AE5-A1B3-4CA11C306727}.Ad-Hoc|iPhoneSimulator.ActiveCfg = Ad-Hoc|iPhoneSimulator
		{64CF249A-555C-4AE5-A1B3-4CA11C306727}.Ad-Hoc|iPhoneSimulator.Build.0 = Ad-Hoc|iPhoneSimulator
		{64CF249A-555C-4AE5-A1B3-4CA11C306727}.Ad-Hoc|x64.ActiveCfg = Ad-Hoc|iPhone
		{64CF249A-555C-4AE5-A1B3-4CA11C306727}.Ad-Hoc|x86.ActiveCfg = Ad-Hoc|iPhone
		{64CF249A-555C-4AE5-A1B3-4CA11C306727}.AppStore|Any CPU.ActiveCfg = AppStore|iPhone
		{64CF249A-555C-4AE5-A1B3-4CA11C306727}.AppStore|ARM.ActiveCfg = AppStore|iPhone
		{64CF249A-555C-4AE5-A1B3-4CA11C306727}.AppStore|iPhone.ActiveCfg = AppStore|iPhone
		{64CF249A-555C-4AE5-A1B3-4CA11C306727}.AppStore|iPhone.Build.0 = AppStore|iPhone
		{64CF249A-555C-4AE5-A1B3-4CA11C306727}.AppStore|iPhoneSimulator.ActiveCfg = AppStore|iPhoneSimulator
		{64CF249A-555C-4AE5-A1B3-4CA11C306727}.AppStore|iPhoneSimulator.Build.0 = AppStore|iPhoneSimulator
		{64CF249A-555C-4AE5-A1B3-4CA11C306727}.AppStore|x64.ActiveCfg = AppStore|iPhone
		{64CF249A-555C-4AE5-A1B3-4CA11C306727}.AppStore|x86.ActiveCfg = AppStore|iPhone
		{64CF249A-555C-4AE5-A1B3-4CA11C306727}.Debug|Any CPU.ActiveCfg = Debug|iPhone
		{64CF249A-555C-4AE5-A1B3-4CA11C306727}.Debug|ARM.ActiveCfg = Debug|iPhone
		{64CF249A-555C-4AE5-A1B3-4CA11C306727}.Debug|iPhone.ActiveCfg = Debug|iPhone
		{64CF249A-555C-4AE5-A1B3-4CA11C306727}.Debug|iPhone.Build.0 = Debug|iPhone
		{64CF249A-555C-4AE5-A1B3-4CA11C306727}.Debug|iPhoneSimulator.ActiveCfg = Debug|iPhoneSimulator
		{64CF249A-555C-4AE5-A1B3-4CA11C306727}.Debug|iPhoneSimulator.Build.0 = Debug|iPhoneSimulator
		{64CF249A-555C-4AE5-A1B3-4CA11C306727}.Debug|x64.ActiveCfg = Debug|iPhone
		{64CF249A-555C-4AE5-A1B3-4CA11C306727}.Debug|x86.ActiveCfg = Debug|iPhone
		{64CF249A-555C-4AE5-A1B3-4CA11C306727}.Release|Any CPU.ActiveCfg = Release|iPhone
		{64CF249A-555C-4AE5-A1B3-4CA11C306727}.Release|ARM.ActiveCfg = Release|iPhone
		{64CF249A-555C-4AE5-A1B3-4CA11C306727}.Release|iPhone.ActiveCfg = Release|iPhone
		{64CF249A-555C-4AE5-A1B3-4CA11C306727}.Release|iPhone.Build.0 = Release|iPhone
		{64CF249A-555C-4AE5-A1B3-4CA11C306727}.Release|iPhoneSimulator.ActiveCfg = Release|iPhoneSimulator
		{64CF249A-555C-4AE5-A1B3-4CA11C306727}.Release|iPhoneSimulator.Build.0 = Release|iPhoneSimulator
		{64CF249A-555C-4AE5-A1B3-4CA11C306727}.Release|x64.ActiveCfg = Release|iPhone
		{64CF249A-555C-4AE5-A1B3-4CA11C306727}.Release|x86.ActiveCfg = Release|iPhone
		{074B554C-E3A5-4BDC-9EE3-DD04670D4EB8}.Ad-Hoc|Any CPU.ActiveCfg = Release|x64
		{074B554C-E3A5-4BDC-9EE3-DD04670D4EB8}.Ad-Hoc|Any CPU.Build.0 = Release|x64
		{074B554C-E3A5-4BDC-9EE3-DD04670D4EB8}.Ad-Hoc|Any CPU.Deploy.0 = Release|x64
		{074B554C-E3A5-4BDC-9EE3-DD04670D4EB8}.Ad-Hoc|ARM.ActiveCfg = Release|ARM
		{074B554C-E3A5-4BDC-9EE3-DD04670D4EB8}.Ad-Hoc|ARM.Build.0 = Release|ARM
		{074B554C-E3A5-4BDC-9EE3-DD04670D4EB8}.Ad-Hoc|ARM.Deploy.0 = Release|ARM
		{074B554C-E3A5-4BDC-9EE3-DD04670D4EB8}.Ad-Hoc|iPhone.ActiveCfg = Release|x64
		{074B554C-E3A5-4BDC-9EE3-DD04670D4EB8}.Ad-Hoc|iPhone.Build.0 = Release|x64
		{074B554C-E3A5-4BDC-9EE3-DD04670D4EB8}.Ad-Hoc|iPhone.Deploy.0 = Release|x64
		{074B554C-E3A5-4BDC-9EE3-DD04670D4EB8}.Ad-Hoc|iPhoneSimulator.ActiveCfg = Release|x64
		{074B554C-E3A5-4BDC-9EE3-DD04670D4EB8}.Ad-Hoc|iPhoneSimulator.Build.0 = Release|x64
		{074B554C-E3A5-4BDC-9EE3-DD04670D4EB8}.Ad-Hoc|iPhoneSimulator.Deploy.0 = Release|x64
		{074B554C-E3A5-4BDC-9EE3-DD04670D4EB8}.Ad-Hoc|x64.ActiveCfg = Release|x64
		{074B554C-E3A5-4BDC-9EE3-DD04670D4EB8}.Ad-Hoc|x64.Build.0 = Release|x64
		{074B554C-E3A5-4BDC-9EE3-DD04670D4EB8}.Ad-Hoc|x64.Deploy.0 = Release|x64
		{074B554C-E3A5-4BDC-9EE3-DD04670D4EB8}.Ad-Hoc|x86.ActiveCfg = Release|x86
		{074B554C-E3A5-4BDC-9EE3-DD04670D4EB8}.Ad-Hoc|x86.Build.0 = Release|x86
		{074B554C-E3A5-4BDC-9EE3-DD04670D4EB8}.Ad-Hoc|x86.Deploy.0 = Release|x86
		{074B554C-E3A5-4BDC-9EE3-DD04670D4EB8}.AppStore|Any CPU.ActiveCfg = Release|x64
		{074B554C-E3A5-4BDC-9EE3-DD04670D4EB8}.AppStore|Any CPU.Build.0 = Release|x64
		{074B554C-E3A5-4BDC-9EE3-DD04670D4EB8}.AppStore|Any CPU.Deploy.0 = Release|x64
		{074B554C-E3A5-4BDC-9EE3-DD04670D4EB8}.AppStore|ARM.ActiveCfg = Release|ARM
		{074B554C-E3A5-4BDC-9EE3-DD04670D4EB8}.AppStore|ARM.Build.0 = Release|ARM
		{074B554C-E3A5-4BDC-9EE3-DD04670D4EB8}.AppStore|ARM.Deploy.0 = Release|ARM
		{074B554C-E3A5-4BDC-9EE3-DD04670D4EB8}.AppStore|iPhone.ActiveCfg = Release|x64
		{074B554C-E3A5-4BDC-9EE3-DD04670D4EB8}.AppStore|iPhone.Build.0 = Release|x64
		{074B554C-E3A5-4BDC-9EE3-DD04670D4EB8}.AppStore|iPhone.Deploy.0 = Release|x64
		{074B554C-E3A5-4BDC-9EE3-DD04670D4EB8}.AppStore|iPhoneSimulator.ActiveCfg = Release|x64
		{074B554C-E3A5-4BDC-9EE3-DD04670D4EB8}.AppStore|iPhoneSimulator.Build.0 = Release|x64
		{074B554C-E3A5-4BDC-9EE3-DD04670D4EB8}.AppStore|iPhoneSimulator.Deploy.0 = Release|x64
		{074B554C-E3A5-4BDC-9EE3-DD04670D4EB8}.AppStore|x64.ActiveCfg = Release|x64
		{074B554C-E3A5-4BDC-9EE3-DD04670D4EB8}.AppStore|x64.Build.0 = Release|x64
		{074B554C-E3A5-4BDC-9EE3-DD04670D4EB8}.AppStore|x64.Deploy.0 = Release|x64
		{074B554C-E3A5-4BDC-9EE3-DD04670D4EB8}.AppStore|x86.ActiveCfg = Release|x86
		{074B554C-E3A5-4BDC-9EE3-DD04670D4EB8}.AppStore|x86.Build.0 = Release|x86
		{074B554C-E3A5-4BDC-9EE3-DD04670D4EB8}.AppStore|x86.Deploy.0 = Release|x86
		{074B554C-E3A5-4BDC-9EE3-DD04670D4EB8}.Debug|Any CPU.ActiveCfg = Debug|x86
		{074B554C-E3A5-4BDC-9EE3-DD04670D4EB8}.Debug|ARM.ActiveCfg = Debug|ARM
		{074B554C-E3A5-4BDC-9EE3-DD04670D4EB8}.Debug|ARM.Build.0 = Debug|ARM
		{074B554C-E3A5-4BDC-9EE3-DD04670D4EB8}.Debug|ARM.Deploy.0 = Debug|ARM
		{074B554C-E3A5-4BDC-9EE3-DD04670D4EB8}.Debug|iPhone.ActiveCfg = Debug|x86
		{074B554C-E3A5-4BDC-9EE3-DD04670D4EB8}.Debug|iPhoneSimulator.ActiveCfg = Debug|x86
		{074B554C-E3A5-4BDC-9EE3-DD04670D4EB8}.Debug|x64.ActiveCfg = Debug|x64
		{074B554C-E3A5-4BDC-9EE3-DD04670D4EB8}.Debug|x64.Build.0 = Debug|x64
		{074B554C-E3A5-4BDC-9EE3-DD04670D4EB8}.Debug|x64.Deploy.0 = Debug|x64
		{074B554C-E3A5-4BDC-9EE3-DD04670D4EB8}.Debug|x86.ActiveCfg = Debug|x86
		{074B554C-E3A5-4BDC-9EE3-DD04670D4EB8}.Debug|x86.Build.0 = Debug|x86
		{074B554C-E3A5-4BDC-9EE3-DD04670D4EB8}.Debug|x86.Deploy.0 = Debug|x86
		{074B554C-E3A5-4BDC-9EE3-DD04670D4EB8}.Release|Any CPU.ActiveCfg = Release|x86
		{074B554C-E3A5-4BDC-9EE3-DD04670D4EB8}.Release|ARM.ActiveCfg = Release|ARM
		{074B554C-E3A5-4BDC-9EE3-DD04670D4EB8}.Release|ARM.Build.0 = Release|ARM
		{074B554C-E3A5-4BDC-9EE3-DD04670D4EB8}.Release|ARM.Deploy.0 = Release|ARM
		{074B554C-E3A5-4BDC-9EE3-DD04670D4EB8}.Release|iPhone.ActiveCfg = Release|x86
		{074B554C-E3A5-4BDC-9EE3-DD04670D4EB8}.Release|iPhoneSimulator.ActiveCfg = Release|x86
		{074B554C-E3A5-4BDC-9EE3-DD04670D4EB8}.Release|x64.ActiveCfg = Release|x64
		{074B554C-E3A5-4BDC-9EE3-DD04670D4EB8}.Release|x64.Build.0 = Release|x64
		{074B554C-E3A5-4BDC-9EE3-DD04670D4EB8}.Release|x64.Deploy.0 = Release|x64
		{074B554C-E3A5-4BDC-9EE3-DD04670D4EB8}.Release|x86.ActiveCfg = Release|x86
		{074B554C-E3A5-4BDC-9EE3-DD04670D4EB8}.Release|x86.Build.0 = Release|x86
		{074B554C-E3A5-4BDC-9EE3-DD04670D4EB8}.Release|x86.Deploy.0 = Release|x86
	EndGlobalSection
	GlobalSection(SolutionProperties) = preSolution
		HideSolutionNode = FALSE
	EndGlobalSection
	GlobalSection(NestedProjects) = preSolution
		{BF14F352-F1B9-4CDE-854B-0339259A4CFD} = {1535A007-5BC4-41B6-B9CA-FDC7AAFA75F9}
		{B1A0D416-9566-45CC-AA38-41908D28CE56} = {AC00B3FD-1033-4E91-99ED-768191AF090C}
		{53D05634-F960-4526-8008-F082A598A0E4} = {83874C89-FB6F-4CAA-B48C-E5985E0FC14A}
		{5DB497CD-B469-42A8-AE39-41B8465710A6} = {9DEA169A-8E03-47A5-82C4-EB239B686252}
		{02174A60-4907-449E-818C-A25A39C0B3DC} = {FEE19EE0-392E-41B9-9D37-2D77826B5647}
		{23930C19-5A0F-4217-A80A-868505D629A4} = {B644D976-FFDC-4BD6-9DA2-76F25D04CDA7}
		{6279C845-92F8-4333-AB99-3D213163593C} = {10CF1793-41E5-4043-9E23-18639EA44B81}
		{980FCDA6-15CD-426E-9BD2-F5DAE9B98617} = {10CF1793-41E5-4043-9E23-18639EA44B81}
		{64CF249A-555C-4AE5-A1B3-4CA11C306727} = {10CF1793-41E5-4043-9E23-18639EA44B81}
		{074B554C-E3A5-4BDC-9EE3-DD04670D4EB8} = {10CF1793-41E5-4043-9E23-18639EA44B81}
	EndGlobalSection
	GlobalSection(ExtensibilityGlobals) = postSolution
		SolutionGuid = {A8DC09CD-F614-4A5A-A658-D6210015CABB}
	EndGlobalSection
EndGlobal
