
Microsoft Visual Studio Solution File, Format Version 12.00
# Visual Studio Version 16
VisualStudioVersion = 16.0.28516.95
MinimumVisualStudioVersion = 10.0.40219.1
Project("{9A19103F-16F7-4668-BE54-9A1E7A4F7556}") = "Telerik.Core", "Core.UWP\Telerik.Core.csproj", "{1652093C-B541-48C9-BCB6-BBE7CE7C7FFE}"
EndProject
Project("{9A19103F-16F7-4668-BE54-9A1E7A4F7556}") = "Telerik.Data", "Data.UWP\Telerik.Data.csproj", "{453EDD2C-5B29-4D4E-B4DA-578D0BDCA06F}"
EndProject
Project("{2150E333-8FDC-42A3-9474-1A3956D46DE8}") = "Primitives", "Primitives", "{1535A007-5BC4-41B6-B9CA-FDC7AAFA75F9}"
EndProject
Project("{9A19103F-16F7-4668-BE54-9A1E7A4F7556}") = "Telerik.Primitives", "Primitives\Primitives.UWP\Telerik.Primitives.csproj", "{BF14F352-F1B9-4CDE-854B-0339259A4CFD}"
EndProject
Project("{2150E333-8FDC-42A3-9474-1A3956D46DE8}") = "Chart", "Chart", "{AC00B3FD-1033-4E91-99ED-768191AF090C}"
EndProject
Project("{9A19103F-16F7-4668-BE54-9A1E7A4F7556}") = "Telerik.Chart", "Chart\Chart.UWP\Telerik.Chart.csproj", "{B1A0D416-9566-45CC-AA38-41908D28CE56}"
EndProject
Project("{2150E333-8FDC-42A3-9474-1A3956D46DE8}") = "DataVisualization", "DataVisualization", "{83874C89-FB6F-4CAA-B48C-E5985E0FC14A}"
EndProject
Project("{9A19103F-16F7-4668-BE54-9A1E7A4F7556}") = "Telerik.DataVisualization", "DataVisualization\DataVisualization.UWP\Telerik.DataVisualization.csproj", "{53D05634-F960-4526-8008-F082A598A0E4}"
EndProject
Project("{2150E333-8FDC-42A3-9474-1A3956D46DE8}") = "Input", "Input", "{9DEA169A-8E03-47A5-82C4-EB239B686252}"
EndProject
Project("{9A19103F-16F7-4668-BE54-9A1E7A4F7556}") = "Telerik.Input", "Input\Input.UWP\Telerik.Input.csproj", "{5DB497CD-B469-42A8-AE39-41B8465710A6}"
EndProject
Project("{2150E333-8FDC-42A3-9474-1A3956D46DE8}") = "DataControls", "DataControls", "{FEE19EE0-392E-41B9-9D37-2D77826B5647}"
EndProject
Project("{9A19103F-16F7-4668-BE54-9A1E7A4F7556}") = "Telerik.DataControls", "DataControls\DataControls.UWP\Telerik.DataControls.csproj", "{02174A60-4907-449E-818C-A25A39C0B3DC}"
EndProject
Project("{2150E333-8FDC-42A3-9474-1A3956D46DE8}") = "Grid", "Grid", "{B644D976-FFDC-4BD6-9DA2-76F25D04CDA7}"
EndProject
Project("{9A19103F-16F7-4668-BE54-9A1E7A4F7556}") = "Telerik.Grid", "Grid\Grid.UWP\Telerik.Grid.csproj", "{23930C19-5A0F-4217-A80A-868505D629A4}"
EndProject
Project("{2150E333-8FDC-42A3-9474-1A3956D46DE8}") = "SDKExamples", "SDKExamples", "{4172B62F-742F-4603-BC7C-0ADD75E68093}"
EndProject
Project("{FAE04EC0-301F-11D3-BF4B-00C04F79EFBC}") = "SDKExamples.iOS", "..\SDKExamples.iOS\SDKExamples.iOS.csproj", "{136825C7-1F60-4E77-AB0C-1E524B6C5023}"
EndProject
Project("{D954291E-2A0B-460D-934E-DC6B0785DB48}") = "SDKExamples.Shared", "..\SDKExamples.Shared\SDKExamples.Shared.shproj", "{30B9B529-FE76-4711-817E-1EEBAD495B67}"
EndProject
Project("{FAE04EC0-301F-11D3-BF4B-00C04F79EFBC}") = "SDKExamples.Droid", "..\SDKExamples.Droid\SDKExamples.Droid.csproj", "{30515EE5-B4A2-4EAC-ACFA-95A244C76648}"
EndProject
Project("{9A19103F-16F7-4668-BE54-9A1E7A4F7556}") = "SDKExamples.Wasm", "..\SDKExamples.Wasm\SDKExamples.Wasm.csproj", "{0D2293D6-3C35-4E6F-B73F-2C8B7BA060AC}"
EndProject
Project("{FAE04EC0-301F-11D3-BF4B-00C04F79EFBC}") = "SDKExamples.UWP", "..\SDKExamples.UWP\SDKExamples.UWP.csproj", "{91B9F816-5B05-4D94-A002-58973C02719B}"
EndProject
Global
	GlobalSection(SharedMSBuildProjectFiles) = preSolution
		..\SDKExamples.Shared\SDKExamples.Shared.projitems*{136825c7-1f60-4e77-ab0c-1e524b6c5023}*SharedItemsImports = 4
		..\SDKExamples.Shared\SDKExamples.Shared.projitems*{30515ee5-b4a2-4eac-acfa-95a244c76648}*SharedItemsImports = 4
		..\SDKExamples.Shared\SDKExamples.Shared.projitems*{30b9b529-fe76-4711-817e-1eebad495b67}*SharedItemsImports = 13
		..\SDKExamples.Shared\SDKExamples.Shared.projitems*{91b9f816-5b05-4d94-a002-58973c02719b}*SharedItemsImports = 4
	EndGlobalSection
	GlobalSection(SolutionConfigurationPlatforms) = preSolution
		Ad-Hoc|Any CPU = Ad-Hoc|Any CPU
		Ad-Hoc|ARM = Ad-Hoc|ARM
		Ad-Hoc|iPhone = Ad-Hoc|iPhone
		Ad-Hoc|iPhoneSimulator = Ad-Hoc|iPhoneSimulator
		Ad-Hoc|x64 = Ad-Hoc|x64
		Ad-Hoc|x86 = Ad-Hoc|x86
		AppStore|Any CPU = AppStore|Any CPU
		AppStore|ARM = AppStore|ARM
		AppStore|iPhone = AppStore|iPhone
		AppStore|iPhoneSimulator = AppStore|iPhoneSimulator
		AppStore|x64 = AppStore|x64
		AppStore|x86 = AppStore|x86
		Debug|Any CPU = Debug|Any CPU
		Debug|ARM = Debug|ARM
		Debug|iPhone = Debug|iPhone
		Debug|iPhoneSimulator = Debug|iPhoneSimulator
		Debug|x64 = Debug|x64
		Debug|x86 = Debug|x86
		Release_iOS|Any CPU = Release_iOS|Any CPU
		Release_iOS|ARM = Release_iOS|ARM
		Release_iOS|iPhone = Release_iOS|iPhone
		Release_iOS|iPhoneSimulator = Release_iOS|iPhoneSimulator
		Release_iOS|x64 = Release_iOS|x64
		Release_iOS|x86 = Release_iOS|x86
		Release|Any CPU = Release|Any CPU
		Release|ARM = Release|ARM
		Release|iPhone = Release|iPhone
		Release|iPhoneSimulator = Release|iPhoneSimulator
		Release|x64 = Release|x64
		Release|x86 = Release|x86
	EndGlobalSection
	GlobalSection(ProjectConfigurationPlatforms) = postSolution
		{1652093C-B541-48C9-BCB6-BBE7CE7C7FFE}.Ad-Hoc|Any CPU.ActiveCfg = Release|Any CPU
		{1652093C-B541-48C9-BCB6-BBE7CE7C7FFE}.Ad-Hoc|Any CPU.Build.0 = Release|Any CPU
		{1652093C-B541-48C9-BCB6-BBE7CE7C7FFE}.Ad-Hoc|ARM.ActiveCfg = Release|Any CPU
		{1652093C-B541-48C9-BCB6-BBE7CE7C7FFE}.Ad-Hoc|ARM.Build.0 = Release|Any CPU
		{1652093C-B541-48C9-BCB6-BBE7CE7C7FFE}.Ad-Hoc|iPhone.ActiveCfg = Release|Any CPU
		{1652093C-B541-48C9-BCB6-BBE7CE7C7FFE}.Ad-Hoc|iPhone.Build.0 = Release|Any CPU
		{1652093C-B541-48C9-BCB6-BBE7CE7C7FFE}.Ad-Hoc|iPhoneSimulator.ActiveCfg = Release|Any CPU
		{1652093C-B541-48C9-BCB6-BBE7CE7C7FFE}.Ad-Hoc|iPhoneSimulator.Build.0 = Release|Any CPU
		{1652093C-B541-48C9-BCB6-BBE7CE7C7FFE}.Ad-Hoc|x64.ActiveCfg = Release|Any CPU
		{1652093C-B541-48C9-BCB6-BBE7CE7C7FFE}.Ad-Hoc|x64.Build.0 = Release|Any CPU
		{1652093C-B541-48C9-BCB6-BBE7CE7C7FFE}.Ad-Hoc|x86.ActiveCfg = Release|Any CPU
		{1652093C-B541-48C9-BCB6-BBE7CE7C7FFE}.Ad-Hoc|x86.Build.0 = Release|Any CPU
		{1652093C-B541-48C9-BCB6-BBE7CE7C7FFE}.AppStore|Any CPU.ActiveCfg = Release|Any CPU
		{1652093C-B541-48C9-BCB6-BBE7CE7C7FFE}.AppStore|Any CPU.Build.0 = Release|Any CPU
		{1652093C-B541-48C9-BCB6-BBE7CE7C7FFE}.AppStore|ARM.ActiveCfg = Release|Any CPU
		{1652093C-B541-48C9-BCB6-BBE7CE7C7FFE}.AppStore|ARM.Build.0 = Release|Any CPU
		{1652093C-B541-48C9-BCB6-BBE7CE7C7FFE}.AppStore|iPhone.ActiveCfg = Release|Any CPU
		{1652093C-B541-48C9-BCB6-BBE7CE7C7FFE}.AppStore|iPhone.Build.0 = Release|Any CPU
		{1652093C-B541-48C9-BCB6-BBE7CE7C7FFE}.AppStore|iPhoneSimulator.ActiveCfg = Release|Any CPU
		{1652093C-B541-48C9-BCB6-BBE7CE7C7FFE}.AppStore|iPhoneSimulator.Build.0 = Release|Any CPU
		{1652093C-B541-48C9-BCB6-BBE7CE7C7FFE}.AppStore|x64.ActiveCfg = Release|Any CPU
		{1652093C-B541-48C9-BCB6-BBE7CE7C7FFE}.AppStore|x64.Build.0 = Release|Any CPU
		{1652093C-B541-48C9-BCB6-BBE7CE7C7FFE}.AppStore|x86.ActiveCfg = Release|Any CPU
		{1652093C-B541-48C9-BCB6-BBE7CE7C7FFE}.AppStore|x86.Build.0 = Release|Any CPU
		{1652093C-B541-48C9-BCB6-BBE7CE7C7FFE}.Debug|Any CPU.ActiveCfg = Debug|Any CPU
		{1652093C-B541-48C9-BCB6-BBE7CE7C7FFE}.Debug|Any CPU.Build.0 = Debug|Any CPU
		{1652093C-B541-48C9-BCB6-BBE7CE7C7FFE}.Debug|ARM.ActiveCfg = Debug|Any CPU
		{1652093C-B541-48C9-BCB6-BBE7CE7C7FFE}.Debug|ARM.Build.0 = Debug|Any CPU
		{1652093C-B541-48C9-BCB6-BBE7CE7C7FFE}.Debug|iPhone.ActiveCfg = Debug|Any CPU
		{1652093C-B541-48C9-BCB6-BBE7CE7C7FFE}.Debug|iPhone.Build.0 = Debug|Any CPU
		{1652093C-B541-48C9-BCB6-BBE7CE7C7FFE}.Debug|iPhoneSimulator.ActiveCfg = Debug|Any CPU
		{1652093C-B541-48C9-BCB6-BBE7CE7C7FFE}.Debug|iPhoneSimulator.Build.0 = Debug|Any CPU
		{1652093C-B541-48C9-BCB6-BBE7CE7C7FFE}.Debug|x64.ActiveCfg = Debug|Any CPU
		{1652093C-B541-48C9-BCB6-BBE7CE7C7FFE}.Debug|x64.Build.0 = Debug|Any CPU
		{1652093C-B541-48C9-BCB6-BBE7CE7C7FFE}.Debug|x86.ActiveCfg = Debug|Any CPU
		{1652093C-B541-48C9-BCB6-BBE7CE7C7FFE}.Debug|x86.Build.0 = Debug|Any CPU
		{1652093C-B541-48C9-BCB6-BBE7CE7C7FFE}.Release_iOS|Any CPU.ActiveCfg = Release|Any CPU
		{1652093C-B541-48C9-BCB6-BBE7CE7C7FFE}.Release_iOS|Any CPU.Build.0 = Release|Any CPU
		{1652093C-B541-48C9-BCB6-BBE7CE7C7FFE}.Release_iOS|ARM.ActiveCfg = Release|Any CPU
		{1652093C-B541-48C9-BCB6-BBE7CE7C7FFE}.Release_iOS|ARM.Build.0 = Release|Any CPU
		{1652093C-B541-48C9-BCB6-BBE7CE7C7FFE}.Release_iOS|iPhone.ActiveCfg = Release|Any CPU
		{1652093C-B541-48C9-BCB6-BBE7CE7C7FFE}.Release_iOS|iPhone.Build.0 = Release|Any CPU
		{1652093C-B541-48C9-BCB6-BBE7CE7C7FFE}.Release_iOS|iPhoneSimulator.ActiveCfg = Release|Any CPU
		{1652093C-B541-48C9-BCB6-BBE7CE7C7FFE}.Release_iOS|iPhoneSimulator.Build.0 = Release|Any CPU
		{1652093C-B541-48C9-BCB6-BBE7CE7C7FFE}.Release_iOS|x64.ActiveCfg = Release|Any CPU
		{1652093C-B541-48C9-BCB6-BBE7CE7C7FFE}.Release_iOS|x64.Build.0 = Release|Any CPU
		{1652093C-B541-48C9-BCB6-BBE7CE7C7FFE}.Release_iOS|x86.ActiveCfg = Release|Any CPU
		{1652093C-B541-48C9-BCB6-BBE7CE7C7FFE}.Release_iOS|x86.Build.0 = Release|Any CPU
		{1652093C-B541-48C9-BCB6-BBE7CE7C7FFE}.Release|Any CPU.ActiveCfg = Release|Any CPU
		{1652093C-B541-48C9-BCB6-BBE7CE7C7FFE}.Release|Any CPU.Build.0 = Release|Any CPU
		{1652093C-B541-48C9-BCB6-BBE7CE7C7FFE}.Release|ARM.ActiveCfg = Release|Any CPU
		{1652093C-B541-48C9-BCB6-BBE7CE7C7FFE}.Release|ARM.Build.0 = Release|Any CPU
		{1652093C-B541-48C9-BCB6-BBE7CE7C7FFE}.Release|iPhone.ActiveCfg = Release|Any CPU
		{1652093C-B541-48C9-BCB6-BBE7CE7C7FFE}.Release|iPhone.Build.0 = Release|Any CPU
		{1652093C-B541-48C9-BCB6-BBE7CE7C7FFE}.Release|iPhoneSimulator.ActiveCfg = Release|Any CPU
		{1652093C-B541-48C9-BCB6-BBE7CE7C7FFE}.Release|iPhoneSimulator.Build.0 = Release|Any CPU
		{1652093C-B541-48C9-BCB6-BBE7CE7C7FFE}.Release|x64.ActiveCfg = Release|Any CPU
		{1652093C-B541-48C9-BCB6-BBE7CE7C7FFE}.Release|x64.Build.0 = Release|Any CPU
		{1652093C-B541-48C9-BCB6-BBE7CE7C7FFE}.Release|x86.ActiveCfg = Release|Any CPU
		{1652093C-B541-48C9-BCB6-BBE7CE7C7FFE}.Release|x86.Build.0 = Release|Any CPU
		{453EDD2C-5B29-4D4E-B4DA-578D0BDCA06F}.Ad-Hoc|Any CPU.ActiveCfg = Release|Any CPU
		{453EDD2C-5B29-4D4E-B4DA-578D0BDCA06F}.Ad-Hoc|Any CPU.Build.0 = Release|Any CPU
		{453EDD2C-5B29-4D4E-B4DA-578D0BDCA06F}.Ad-Hoc|ARM.ActiveCfg = Release|Any CPU
		{453EDD2C-5B29-4D4E-B4DA-578D0BDCA06F}.Ad-Hoc|ARM.Build.0 = Release|Any CPU
		{453EDD2C-5B29-4D4E-B4DA-578D0BDCA06F}.Ad-Hoc|iPhone.ActiveCfg = Release|Any CPU
		{453EDD2C-5B29-4D4E-B4DA-578D0BDCA06F}.Ad-Hoc|iPhone.Build.0 = Release|Any CPU
		{453EDD2C-5B29-4D4E-B4DA-578D0BDCA06F}.Ad-Hoc|iPhoneSimulator.ActiveCfg = Release|Any CPU
		{453EDD2C-5B29-4D4E-B4DA-578D0BDCA06F}.Ad-Hoc|iPhoneSimulator.Build.0 = Release|Any CPU
		{453EDD2C-5B29-4D4E-B4DA-578D0BDCA06F}.Ad-Hoc|x64.ActiveCfg = Release|Any CPU
		{453EDD2C-5B29-4D4E-B4DA-578D0BDCA06F}.Ad-Hoc|x64.Build.0 = Release|Any CPU
		{453EDD2C-5B29-4D4E-B4DA-578D0BDCA06F}.Ad-Hoc|x86.ActiveCfg = Release|Any CPU
		{453EDD2C-5B29-4D4E-B4DA-578D0BDCA06F}.Ad-Hoc|x86.Build.0 = Release|Any CPU
		{453EDD2C-5B29-4D4E-B4DA-578D0BDCA06F}.AppStore|Any CPU.ActiveCfg = Release|Any CPU
		{453EDD2C-5B29-4D4E-B4DA-578D0BDCA06F}.AppStore|Any CPU.Build.0 = Release|Any CPU
		{453EDD2C-5B29-4D4E-B4DA-578D0BDCA06F}.AppStore|ARM.ActiveCfg = Release|Any CPU
		{453EDD2C-5B29-4D4E-B4DA-578D0BDCA06F}.AppStore|ARM.Build.0 = Release|Any CPU
		{453EDD2C-5B29-4D4E-B4DA-578D0BDCA06F}.AppStore|iPhone.ActiveCfg = Release|Any CPU
		{453EDD2C-5B29-4D4E-B4DA-578D0BDCA06F}.AppStore|iPhone.Build.0 = Release|Any CPU
		{453EDD2C-5B29-4D4E-B4DA-578D0BDCA06F}.AppStore|iPhoneSimulator.ActiveCfg = Release|Any CPU
		{453EDD2C-5B29-4D4E-B4DA-578D0BDCA06F}.AppStore|iPhoneSimulator.Build.0 = Release|Any CPU
		{453EDD2C-5B29-4D4E-B4DA-578D0BDCA06F}.AppStore|x64.ActiveCfg = Release|Any CPU
		{453EDD2C-5B29-4D4E-B4DA-578D0BDCA06F}.AppStore|x64.Build.0 = Release|Any CPU
		{453EDD2C-5B29-4D4E-B4DA-578D0BDCA06F}.AppStore|x86.ActiveCfg = Release|Any CPU
		{453EDD2C-5B29-4D4E-B4DA-578D0BDCA06F}.AppStore|x86.Build.0 = Release|Any CPU
		{453EDD2C-5B29-4D4E-B4DA-578D0BDCA06F}.Debug|Any CPU.ActiveCfg = Debug|Any CPU
		{453EDD2C-5B29-4D4E-B4DA-578D0BDCA06F}.Debug|Any CPU.Build.0 = Debug|Any CPU
		{453EDD2C-5B29-4D4E-B4DA-578D0BDCA06F}.Debug|ARM.ActiveCfg = Debug|Any CPU
		{453EDD2C-5B29-4D4E-B4DA-578D0BDCA06F}.Debug|ARM.Build.0 = Debug|Any CPU
		{453EDD2C-5B29-4D4E-B4DA-578D0BDCA06F}.Debug|iPhone.ActiveCfg = Debug|Any CPU
		{453EDD2C-5B29-4D4E-B4DA-578D0BDCA06F}.Debug|iPhone.Build.0 = Debug|Any CPU
		{453EDD2C-5B29-4D4E-B4DA-578D0BDCA06F}.Debug|iPhoneSimulator.ActiveCfg = Debug|Any CPU
		{453EDD2C-5B29-4D4E-B4DA-578D0BDCA06F}.Debug|iPhoneSimulator.Build.0 = Debug|Any CPU
		{453EDD2C-5B29-4D4E-B4DA-578D0BDCA06F}.Debug|x64.ActiveCfg = Debug|Any CPU
		{453EDD2C-5B29-4D4E-B4DA-578D0BDCA06F}.Debug|x64.Build.0 = Debug|Any CPU
		{453EDD2C-5B29-4D4E-B4DA-578D0BDCA06F}.Debug|x86.ActiveCfg = Debug|Any CPU
		{453EDD2C-5B29-4D4E-B4DA-578D0BDCA06F}.Debug|x86.Build.0 = Debug|Any CPU
		{453EDD2C-5B29-4D4E-B4DA-578D0BDCA06F}.Release_iOS|Any CPU.ActiveCfg = Release|Any CPU
		{453EDD2C-5B29-4D4E-B4DA-578D0BDCA06F}.Release_iOS|Any CPU.Build.0 = Release|Any CPU
		{453EDD2C-5B29-4D4E-B4DA-578D0BDCA06F}.Release_iOS|ARM.ActiveCfg = Release|Any CPU
		{453EDD2C-5B29-4D4E-B4DA-578D0BDCA06F}.Release_iOS|ARM.Build.0 = Release|Any CPU
		{453EDD2C-5B29-4D4E-B4DA-578D0BDCA06F}.Release_iOS|iPhone.ActiveCfg = Release|Any CPU
		{453EDD2C-5B29-4D4E-B4DA-578D0BDCA06F}.Release_iOS|iPhone.Build.0 = Release|Any CPU
		{453EDD2C-5B29-4D4E-B4DA-578D0BDCA06F}.Release_iOS|iPhoneSimulator.ActiveCfg = Release|Any CPU
		{453EDD2C-5B29-4D4E-B4DA-578D0BDCA06F}.Release_iOS|iPhoneSimulator.Build.0 = Release|Any CPU
		{453EDD2C-5B29-4D4E-B4DA-578D0BDCA06F}.Release_iOS|x64.ActiveCfg = Release|Any CPU
		{453EDD2C-5B29-4D4E-B4DA-578D0BDCA06F}.Release_iOS|x64.Build.0 = Release|Any CPU
		{453EDD2C-5B29-4D4E-B4DA-578D0BDCA06F}.Release_iOS|x86.ActiveCfg = Release|Any CPU
		{453EDD2C-5B29-4D4E-B4DA-578D0BDCA06F}.Release_iOS|x86.Build.0 = Release|Any CPU
		{453EDD2C-5B29-4D4E-B4DA-578D0BDCA06F}.Release|Any CPU.ActiveCfg = Release|Any CPU
		{453EDD2C-5B29-4D4E-B4DA-578D0BDCA06F}.Release|Any CPU.Build.0 = Release|Any CPU
		{453EDD2C-5B29-4D4E-B4DA-578D0BDCA06F}.Release|ARM.ActiveCfg = Release|Any CPU
		{453EDD2C-5B29-4D4E-B4DA-578D0BDCA06F}.Release|ARM.Build.0 = Release|Any CPU
		{453EDD2C-5B29-4D4E-B4DA-578D0BDCA06F}.Release|iPhone.ActiveCfg = Release|Any CPU
		{453EDD2C-5B29-4D4E-B4DA-578D0BDCA06F}.Release|iPhone.Build.0 = Release|Any CPU
		{453EDD2C-5B29-4D4E-B4DA-578D0BDCA06F}.Release|iPhoneSimulator.ActiveCfg = Release|Any CPU
		{453EDD2C-5B29-4D4E-B4DA-578D0BDCA06F}.Release|iPhoneSimulator.Build.0 = Release|Any CPU
		{453EDD2C-5B29-4D4E-B4DA-578D0BDCA06F}.Release|x64.ActiveCfg = Release|Any CPU
		{453EDD2C-5B29-4D4E-B4DA-578D0BDCA06F}.Release|x64.Build.0 = Release|Any CPU
		{453EDD2C-5B29-4D4E-B4DA-578D0BDCA06F}.Release|x86.ActiveCfg = Release|Any CPU
		{453EDD2C-5B29-4D4E-B4DA-578D0BDCA06F}.Release|x86.Build.0 = Release|Any CPU
		{BF14F352-F1B9-4CDE-854B-0339259A4CFD}.Ad-Hoc|Any CPU.ActiveCfg = Release|Any CPU
		{BF14F352-F1B9-4CDE-854B-0339259A4CFD}.Ad-Hoc|Any CPU.Build.0 = Release|Any CPU
		{BF14F352-F1B9-4CDE-854B-0339259A4CFD}.Ad-Hoc|ARM.ActiveCfg = Release|Any CPU
		{BF14F352-F1B9-4CDE-854B-0339259A4CFD}.Ad-Hoc|ARM.Build.0 = Release|Any CPU
		{BF14F352-F1B9-4CDE-854B-0339259A4CFD}.Ad-Hoc|iPhone.ActiveCfg = Release|Any CPU
		{BF14F352-F1B9-4CDE-854B-0339259A4CFD}.Ad-Hoc|iPhone.Build.0 = Release|Any CPU
		{BF14F352-F1B9-4CDE-854B-0339259A4CFD}.Ad-Hoc|iPhoneSimulator.ActiveCfg = Release|Any CPU
		{BF14F352-F1B9-4CDE-854B-0339259A4CFD}.Ad-Hoc|iPhoneSimulator.Build.0 = Release|Any CPU
		{BF14F352-F1B9-4CDE-854B-0339259A4CFD}.Ad-Hoc|x64.ActiveCfg = Release|Any CPU
		{BF14F352-F1B9-4CDE-854B-0339259A4CFD}.Ad-Hoc|x64.Build.0 = Release|Any CPU
		{BF14F352-F1B9-4CDE-854B-0339259A4CFD}.Ad-Hoc|x86.ActiveCfg = Release|Any CPU
		{BF14F352-F1B9-4CDE-854B-0339259A4CFD}.Ad-Hoc|x86.Build.0 = Release|Any CPU
		{BF14F352-F1B9-4CDE-854B-0339259A4CFD}.AppStore|Any CPU.ActiveCfg = Release|Any CPU
		{BF14F352-F1B9-4CDE-854B-0339259A4CFD}.AppStore|Any CPU.Build.0 = Release|Any CPU
		{BF14F352-F1B9-4CDE-854B-0339259A4CFD}.AppStore|ARM.ActiveCfg = Release|Any CPU
		{BF14F352-F1B9-4CDE-854B-0339259A4CFD}.AppStore|ARM.Build.0 = Release|Any CPU
		{BF14F352-F1B9-4CDE-854B-0339259A4CFD}.AppStore|iPhone.ActiveCfg = Release|Any CPU
		{BF14F352-F1B9-4CDE-854B-0339259A4CFD}.AppStore|iPhone.Build.0 = Release|Any CPU
		{BF14F352-F1B9-4CDE-854B-0339259A4CFD}.AppStore|iPhoneSimulator.ActiveCfg = Release|Any CPU
		{BF14F352-F1B9-4CDE-854B-0339259A4CFD}.AppStore|iPhoneSimulator.Build.0 = Release|Any CPU
		{BF14F352-F1B9-4CDE-854B-0339259A4CFD}.AppStore|x64.ActiveCfg = Release|Any CPU
		{BF14F352-F1B9-4CDE-854B-0339259A4CFD}.AppStore|x64.Build.0 = Release|Any CPU
		{BF14F352-F1B9-4CDE-854B-0339259A4CFD}.AppStore|x86.ActiveCfg = Release|Any CPU
		{BF14F352-F1B9-4CDE-854B-0339259A4CFD}.AppStore|x86.Build.0 = Release|Any CPU
		{BF14F352-F1B9-4CDE-854B-0339259A4CFD}.Debug|Any CPU.ActiveCfg = Debug|Any CPU
		{BF14F352-F1B9-4CDE-854B-0339259A4CFD}.Debug|Any CPU.Build.0 = Debug|Any CPU
		{BF14F352-F1B9-4CDE-854B-0339259A4CFD}.Debug|ARM.ActiveCfg = Debug|Any CPU
		{BF14F352-F1B9-4CDE-854B-0339259A4CFD}.Debug|ARM.Build.0 = Debug|Any CPU
		{BF14F352-F1B9-4CDE-854B-0339259A4CFD}.Debug|iPhone.ActiveCfg = Debug|Any CPU
		{BF14F352-F1B9-4CDE-854B-0339259A4CFD}.Debug|iPhone.Build.0 = Debug|Any CPU
		{BF14F352-F1B9-4CDE-854B-0339259A4CFD}.Debug|iPhoneSimulator.ActiveCfg = Debug|Any CPU
		{BF14F352-F1B9-4CDE-854B-0339259A4CFD}.Debug|iPhoneSimulator.Build.0 = Debug|Any CPU
		{BF14F352-F1B9-4CDE-854B-0339259A4CFD}.Debug|x64.ActiveCfg = Debug|Any CPU
		{BF14F352-F1B9-4CDE-854B-0339259A4CFD}.Debug|x64.Build.0 = Debug|Any CPU
		{BF14F352-F1B9-4CDE-854B-0339259A4CFD}.Debug|x86.ActiveCfg = Debug|Any CPU
		{BF14F352-F1B9-4CDE-854B-0339259A4CFD}.Debug|x86.Build.0 = Debug|Any CPU
		{BF14F352-F1B9-4CDE-854B-0339259A4CFD}.Release_iOS|Any CPU.ActiveCfg = Release|Any CPU
		{BF14F352-F1B9-4CDE-854B-0339259A4CFD}.Release_iOS|Any CPU.Build.0 = Release|Any CPU
		{BF14F352-F1B9-4CDE-854B-0339259A4CFD}.Release_iOS|ARM.ActiveCfg = Release|Any CPU
		{BF14F352-F1B9-4CDE-854B-0339259A4CFD}.Release_iOS|ARM.Build.0 = Release|Any CPU
		{BF14F352-F1B9-4CDE-854B-0339259A4CFD}.Release_iOS|iPhone.ActiveCfg = Release|Any CPU
		{BF14F352-F1B9-4CDE-854B-0339259A4CFD}.Release_iOS|iPhone.Build.0 = Release|Any CPU
		{BF14F352-F1B9-4CDE-854B-0339259A4CFD}.Release_iOS|iPhoneSimulator.ActiveCfg = Release|Any CPU
		{BF14F352-F1B9-4CDE-854B-0339259A4CFD}.Release_iOS|iPhoneSimulator.Build.0 = Release|Any CPU
		{BF14F352-F1B9-4CDE-854B-0339259A4CFD}.Release_iOS|x64.ActiveCfg = Release|Any CPU
		{BF14F352-F1B9-4CDE-854B-0339259A4CFD}.Release_iOS|x64.Build.0 = Release|Any CPU
		{BF14F352-F1B9-4CDE-854B-0339259A4CFD}.Release_iOS|x86.ActiveCfg = Release|Any CPU
		{BF14F352-F1B9-4CDE-854B-0339259A4CFD}.Release_iOS|x86.Build.0 = Release|Any CPU
		{BF14F352-F1B9-4CDE-854B-0339259A4CFD}.Release|Any CPU.ActiveCfg = Release|Any CPU
		{BF14F352-F1B9-4CDE-854B-0339259A4CFD}.Release|Any CPU.Build.0 = Release|Any CPU
		{BF14F352-F1B9-4CDE-854B-0339259A4CFD}.Release|ARM.ActiveCfg = Release|Any CPU
		{BF14F352-F1B9-4CDE-854B-0339259A4CFD}.Release|ARM.Build.0 = Release|Any CPU
		{BF14F352-F1B9-4CDE-854B-0339259A4CFD}.Release|iPhone.ActiveCfg = Release|Any CPU
		{BF14F352-F1B9-4CDE-854B-0339259A4CFD}.Release|iPhone.Build.0 = Release|Any CPU
		{BF14F352-F1B9-4CDE-854B-0339259A4CFD}.Release|iPhoneSimulator.ActiveCfg = Release|Any CPU
		{BF14F352-F1B9-4CDE-854B-0339259A4CFD}.Release|iPhoneSimulator.Build.0 = Release|Any CPU
		{BF14F352-F1B9-4CDE-854B-0339259A4CFD}.Release|x64.ActiveCfg = Release|Any CPU
		{BF14F352-F1B9-4CDE-854B-0339259A4CFD}.Release|x64.Build.0 = Release|Any CPU
		{BF14F352-F1B9-4CDE-854B-0339259A4CFD}.Release|x86.ActiveCfg = Release|Any CPU
		{BF14F352-F1B9-4CDE-854B-0339259A4CFD}.Release|x86.Build.0 = Release|Any CPU
		{B1A0D416-9566-45CC-AA38-41908D28CE56}.Ad-Hoc|Any CPU.ActiveCfg = Release|Any CPU
		{B1A0D416-9566-45CC-AA38-41908D28CE56}.Ad-Hoc|ARM.ActiveCfg = Release|Any CPU
		{B1A0D416-9566-45CC-AA38-41908D28CE56}.Ad-Hoc|iPhone.ActiveCfg = Release|Any CPU
		{B1A0D416-9566-45CC-AA38-41908D28CE56}.Ad-Hoc|iPhoneSimulator.ActiveCfg = Release|Any CPU
		{B1A0D416-9566-45CC-AA38-41908D28CE56}.Ad-Hoc|x64.ActiveCfg = Release|Any CPU
		{B1A0D416-9566-45CC-AA38-41908D28CE56}.Ad-Hoc|x86.ActiveCfg = Release|Any CPU
		{B1A0D416-9566-45CC-AA38-41908D28CE56}.AppStore|Any CPU.ActiveCfg = Release|Any CPU
		{B1A0D416-9566-45CC-AA38-41908D28CE56}.AppStore|ARM.ActiveCfg = Release|Any CPU
		{B1A0D416-9566-45CC-AA38-41908D28CE56}.AppStore|iPhone.ActiveCfg = Release|Any CPU
		{B1A0D416-9566-45CC-AA38-41908D28CE56}.AppStore|iPhoneSimulator.ActiveCfg = Release|Any CPU
		{B1A0D416-9566-45CC-AA38-41908D28CE56}.AppStore|x64.ActiveCfg = Release|Any CPU
		{B1A0D416-9566-45CC-AA38-41908D28CE56}.AppStore|x86.ActiveCfg = Release|Any CPU
		{B1A0D416-9566-45CC-AA38-41908D28CE56}.Debug|Any CPU.ActiveCfg = Debug|Any CPU
		{B1A0D416-9566-45CC-AA38-41908D28CE56}.Debug|Any CPU.Build.0 = Debug|Any CPU
		{B1A0D416-9566-45CC-AA38-41908D28CE56}.Debug|ARM.ActiveCfg = Debug|Any CPU
		{B1A0D416-9566-45CC-AA38-41908D28CE56}.Debug|iPhone.ActiveCfg = Debug|Any CPU
		{B1A0D416-9566-45CC-AA38-41908D28CE56}.Debug|iPhone.Build.0 = Debug|Any CPU
		{B1A0D416-9566-45CC-AA38-41908D28CE56}.Debug|iPhoneSimulator.ActiveCfg = Debug|Any CPU
		{B1A0D416-9566-45CC-AA38-41908D28CE56}.Debug|iPhoneSimulator.Build.0 = Debug|Any CPU
		{B1A0D416-9566-45CC-AA38-41908D28CE56}.Debug|x64.ActiveCfg = Debug|Any CPU
		{B1A0D416-9566-45CC-AA38-41908D28CE56}.Debug|x86.ActiveCfg = Debug|Any CPU
		{B1A0D416-9566-45CC-AA38-41908D28CE56}.Release_iOS|Any CPU.ActiveCfg = Release|Any CPU
		{B1A0D416-9566-45CC-AA38-41908D28CE56}.Release_iOS|Any CPU.Build.0 = Release|Any CPU
		{B1A0D416-9566-45CC-AA38-41908D28CE56}.Release_iOS|ARM.ActiveCfg = Release|Any CPU
		{B1A0D416-9566-45CC-AA38-41908D28CE56}.Release_iOS|ARM.Build.0 = Release|Any CPU
		{B1A0D416-9566-45CC-AA38-41908D28CE56}.Release_iOS|iPhone.ActiveCfg = Release|Any CPU
		{B1A0D416-9566-45CC-AA38-41908D28CE56}.Release_iOS|iPhone.Build.0 = Release|Any CPU
		{B1A0D416-9566-45CC-AA38-41908D28CE56}.Release_iOS|iPhoneSimulator.ActiveCfg = Release|Any CPU
		{B1A0D416-9566-45CC-AA38-41908D28CE56}.Release_iOS|iPhoneSimulator.Build.0 = Release|Any CPU
		{B1A0D416-9566-45CC-AA38-41908D28CE56}.Release_iOS|x64.ActiveCfg = Release|Any CPU
		{B1A0D416-9566-45CC-AA38-41908D28CE56}.Release_iOS|x64.Build.0 = Release|Any CPU
		{B1A0D416-9566-45CC-AA38-41908D28CE56}.Release_iOS|x86.ActiveCfg = Release|Any CPU
		{B1A0D416-9566-45CC-AA38-41908D28CE56}.Release_iOS|x86.Build.0 = Release|Any CPU
		{B1A0D416-9566-45CC-AA38-41908D28CE56}.Release|Any CPU.ActiveCfg = Release|Any CPU
		{B1A0D416-9566-45CC-AA38-41908D28CE56}.Release|Any CPU.Build.0 = Release|Any CPU
		{B1A0D416-9566-45CC-AA38-41908D28CE56}.Release|ARM.ActiveCfg = Release|Any CPU
		{B1A0D416-9566-45CC-AA38-41908D28CE56}.Release|iPhone.ActiveCfg = Release|Any CPU
		{B1A0D416-9566-45CC-AA38-41908D28CE56}.Release|iPhone.Build.0 = Release|Any CPU
		{B1A0D416-9566-45CC-AA38-41908D28CE56}.Release|iPhoneSimulator.ActiveCfg = Release|Any CPU
		{B1A0D416-9566-45CC-AA38-41908D28CE56}.Release|x64.ActiveCfg = Release|Any CPU
		{B1A0D416-9566-45CC-AA38-41908D28CE56}.Release|x86.ActiveCfg = Release|Any CPU
		{53D05634-F960-4526-8008-F082A598A0E4}.Ad-Hoc|Any CPU.ActiveCfg = Release|Any CPU
		{53D05634-F960-4526-8008-F082A598A0E4}.Ad-Hoc|ARM.ActiveCfg = Release|Any CPU
		{53D05634-F960-4526-8008-F082A598A0E4}.Ad-Hoc|iPhone.ActiveCfg = Release|Any CPU
		{53D05634-F960-4526-8008-F082A598A0E4}.Ad-Hoc|iPhoneSimulator.ActiveCfg = Release|Any CPU
		{53D05634-F960-4526-8008-F082A598A0E4}.Ad-Hoc|x64.ActiveCfg = Release|Any CPU
		{53D05634-F960-4526-8008-F082A598A0E4}.Ad-Hoc|x86.ActiveCfg = Release|Any CPU
		{53D05634-F960-4526-8008-F082A598A0E4}.AppStore|Any CPU.ActiveCfg = Release|Any CPU
		{53D05634-F960-4526-8008-F082A598A0E4}.AppStore|ARM.ActiveCfg = Release|Any CPU
		{53D05634-F960-4526-8008-F082A598A0E4}.AppStore|iPhone.ActiveCfg = Release|Any CPU
		{53D05634-F960-4526-8008-F082A598A0E4}.AppStore|iPhoneSimulator.ActiveCfg = Release|Any CPU
		{53D05634-F960-4526-8008-F082A598A0E4}.AppStore|x64.ActiveCfg = Release|Any CPU
		{53D05634-F960-4526-8008-F082A598A0E4}.AppStore|x86.ActiveCfg = Release|Any CPU
		{53D05634-F960-4526-8008-F082A598A0E4}.Debug|Any CPU.ActiveCfg = Debug|Any CPU
		{53D05634-F960-4526-8008-F082A598A0E4}.Debug|Any CPU.Build.0 = Debug|Any CPU
		{53D05634-F960-4526-8008-F082A598A0E4}.Debug|ARM.ActiveCfg = Debug|Any CPU
		{53D05634-F960-4526-8008-F082A598A0E4}.Debug|iPhone.ActiveCfg = Debug|Any CPU
		{53D05634-F960-4526-8008-F082A598A0E4}.Debug|iPhone.Build.0 = Debug|Any CPU
		{53D05634-F960-4526-8008-F082A598A0E4}.Debug|iPhoneSimulator.ActiveCfg = Debug|Any CPU
		{53D05634-F960-4526-8008-F082A598A0E4}.Debug|iPhoneSimulator.Build.0 = Debug|Any CPU
		{53D05634-F960-4526-8008-F082A598A0E4}.Debug|x64.ActiveCfg = Debug|Any CPU
		{53D05634-F960-4526-8008-F082A598A0E4}.Debug|x86.ActiveCfg = Debug|Any CPU
		{53D05634-F960-4526-8008-F082A598A0E4}.Release_iOS|Any CPU.ActiveCfg = Release|Any CPU
		{53D05634-F960-4526-8008-F082A598A0E4}.Release_iOS|Any CPU.Build.0 = Release|Any CPU
		{53D05634-F960-4526-8008-F082A598A0E4}.Release_iOS|ARM.ActiveCfg = Release|Any CPU
		{53D05634-F960-4526-8008-F082A598A0E4}.Release_iOS|ARM.Build.0 = Release|Any CPU
		{53D05634-F960-4526-8008-F082A598A0E4}.Release_iOS|iPhone.ActiveCfg = Release|Any CPU
		{53D05634-F960-4526-8008-F082A598A0E4}.Release_iOS|iPhone.Build.0 = Release|Any CPU
		{53D05634-F960-4526-8008-F082A598A0E4}.Release_iOS|iPhoneSimulator.ActiveCfg = Release|Any CPU
		{53D05634-F960-4526-8008-F082A598A0E4}.Release_iOS|iPhoneSimulator.Build.0 = Release|Any CPU
		{53D05634-F960-4526-8008-F082A598A0E4}.Release_iOS|x64.ActiveCfg = Release|Any CPU
		{53D05634-F960-4526-8008-F082A598A0E4}.Release_iOS|x64.Build.0 = Release|Any CPU
		{53D05634-F960-4526-8008-F082A598A0E4}.Release_iOS|x86.ActiveCfg = Release|Any CPU
		{53D05634-F960-4526-8008-F082A598A0E4}.Release_iOS|x86.Build.0 = Release|Any CPU
		{53D05634-F960-4526-8008-F082A598A0E4}.Release|Any CPU.ActiveCfg = Release|Any CPU
		{53D05634-F960-4526-8008-F082A598A0E4}.Release|Any CPU.Build.0 = Release|Any CPU
		{53D05634-F960-4526-8008-F082A598A0E4}.Release|ARM.ActiveCfg = Release|Any CPU
		{53D05634-F960-4526-8008-F082A598A0E4}.Release|iPhone.ActiveCfg = Release|Any CPU
		{53D05634-F960-4526-8008-F082A598A0E4}.Release|iPhone.Build.0 = Release|Any CPU
		{53D05634-F960-4526-8008-F082A598A0E4}.Release|iPhoneSimulator.ActiveCfg = Release|Any CPU
		{53D05634-F960-4526-8008-F082A598A0E4}.Release|x64.ActiveCfg = Release|Any CPU
		{53D05634-F960-4526-8008-F082A598A0E4}.Release|x86.ActiveCfg = Release|Any CPU
		{5DB497CD-B469-42A8-AE39-41B8465710A6}.Ad-Hoc|Any CPU.ActiveCfg = Release|Any CPU
		{5DB497CD-B469-42A8-AE39-41B8465710A6}.Ad-Hoc|Any CPU.Build.0 = Release|Any CPU
		{5DB497CD-B469-42A8-AE39-41B8465710A6}.Ad-Hoc|ARM.ActiveCfg = Release|Any CPU
		{5DB497CD-B469-42A8-AE39-41B8465710A6}.Ad-Hoc|ARM.Build.0 = Release|Any CPU
		{5DB497CD-B469-42A8-AE39-41B8465710A6}.Ad-Hoc|iPhone.ActiveCfg = Release|Any CPU
		{5DB497CD-B469-42A8-AE39-41B8465710A6}.Ad-Hoc|iPhone.Build.0 = Release|Any CPU
		{5DB497CD-B469-42A8-AE39-41B8465710A6}.Ad-Hoc|iPhoneSimulator.ActiveCfg = Release|Any CPU
		{5DB497CD-B469-42A8-AE39-41B8465710A6}.Ad-Hoc|iPhoneSimulator.Build.0 = Release|Any CPU
		{5DB497CD-B469-42A8-AE39-41B8465710A6}.Ad-Hoc|x64.ActiveCfg = Release|Any CPU
		{5DB497CD-B469-42A8-AE39-41B8465710A6}.Ad-Hoc|x64.Build.0 = Release|Any CPU
		{5DB497CD-B469-42A8-AE39-41B8465710A6}.Ad-Hoc|x86.ActiveCfg = Release|Any CPU
		{5DB497CD-B469-42A8-AE39-41B8465710A6}.Ad-Hoc|x86.Build.0 = Release|Any CPU
		{5DB497CD-B469-42A8-AE39-41B8465710A6}.AppStore|Any CPU.ActiveCfg = Release|Any CPU
		{5DB497CD-B469-42A8-AE39-41B8465710A6}.AppStore|Any CPU.Build.0 = Release|Any CPU
		{5DB497CD-B469-42A8-AE39-41B8465710A6}.AppStore|ARM.ActiveCfg = Release|Any CPU
		{5DB497CD-B469-42A8-AE39-41B8465710A6}.AppStore|ARM.Build.0 = Release|Any CPU
		{5DB497CD-B469-42A8-AE39-41B8465710A6}.AppStore|iPhone.ActiveCfg = Release|Any CPU
		{5DB497CD-B469-42A8-AE39-41B8465710A6}.AppStore|iPhone.Build.0 = Release|Any CPU
		{5DB497CD-B469-42A8-AE39-41B8465710A6}.AppStore|iPhoneSimulator.ActiveCfg = Release|Any CPU
		{5DB497CD-B469-42A8-AE39-41B8465710A6}.AppStore|iPhoneSimulator.Build.0 = Release|Any CPU
		{5DB497CD-B469-42A8-AE39-41B8465710A6}.AppStore|x64.ActiveCfg = Release|Any CPU
		{5DB497CD-B469-42A8-AE39-41B8465710A6}.AppStore|x64.Build.0 = Release|Any CPU
		{5DB497CD-B469-42A8-AE39-41B8465710A6}.AppStore|x86.ActiveCfg = Release|Any CPU
		{5DB497CD-B469-42A8-AE39-41B8465710A6}.AppStore|x86.Build.0 = Release|Any CPU
		{5DB497CD-B469-42A8-AE39-41B8465710A6}.Debug|Any CPU.ActiveCfg = Debug|Any CPU
		{5DB497CD-B469-42A8-AE39-41B8465710A6}.Debug|Any CPU.Build.0 = Debug|Any CPU
		{5DB497CD-B469-42A8-AE39-41B8465710A6}.Debug|ARM.ActiveCfg = Debug|Any CPU
		{5DB497CD-B469-42A8-AE39-41B8465710A6}.Debug|ARM.Build.0 = Debug|Any CPU
		{5DB497CD-B469-42A8-AE39-41B8465710A6}.Debug|iPhone.ActiveCfg = Debug|Any CPU
		{5DB497CD-B469-42A8-AE39-41B8465710A6}.Debug|iPhone.Build.0 = Debug|Any CPU
		{5DB497CD-B469-42A8-AE39-41B8465710A6}.Debug|iPhoneSimulator.ActiveCfg = Debug|Any CPU
		{5DB497CD-B469-42A8-AE39-41B8465710A6}.Debug|iPhoneSimulator.Build.0 = Debug|Any CPU
		{5DB497CD-B469-42A8-AE39-41B8465710A6}.Debug|x64.ActiveCfg = Debug|Any CPU
		{5DB497CD-B469-42A8-AE39-41B8465710A6}.Debug|x64.Build.0 = Debug|Any CPU
		{5DB497CD-B469-42A8-AE39-41B8465710A6}.Debug|x86.ActiveCfg = Debug|Any CPU
		{5DB497CD-B469-42A8-AE39-41B8465710A6}.Debug|x86.Build.0 = Debug|Any CPU
		{5DB497CD-B469-42A8-AE39-41B8465710A6}.Release_iOS|Any CPU.ActiveCfg = Release|Any CPU
		{5DB497CD-B469-42A8-AE39-41B8465710A6}.Release_iOS|Any CPU.Build.0 = Release|Any CPU
		{5DB497CD-B469-42A8-AE39-41B8465710A6}.Release_iOS|ARM.ActiveCfg = Release|Any CPU
		{5DB497CD-B469-42A8-AE39-41B8465710A6}.Release_iOS|ARM.Build.0 = Release|Any CPU
		{5DB497CD-B469-42A8-AE39-41B8465710A6}.Release_iOS|iPhone.ActiveCfg = Release|Any CPU
		{5DB497CD-B469-42A8-AE39-41B8465710A6}.Release_iOS|iPhone.Build.0 = Release|Any CPU
		{5DB497CD-B469-42A8-AE39-41B8465710A6}.Release_iOS|iPhoneSimulator.ActiveCfg = Release|Any CPU
		{5DB497CD-B469-42A8-AE39-41B8465710A6}.Release_iOS|iPhoneSimulator.Build.0 = Release|Any CPU
		{5DB497CD-B469-42A8-AE39-41B8465710A6}.Release_iOS|x64.ActiveCfg = Release|Any CPU
		{5DB497CD-B469-42A8-AE39-41B8465710A6}.Release_iOS|x64.Build.0 = Release|Any CPU
		{5DB497CD-B469-42A8-AE39-41B8465710A6}.Release_iOS|x86.ActiveCfg = Release|Any CPU
		{5DB497CD-B469-42A8-AE39-41B8465710A6}.Release_iOS|x86.Build.0 = Release|Any CPU
		{5DB497CD-B469-42A8-AE39-41B8465710A6}.Release|Any CPU.ActiveCfg = Release|Any CPU
		{5DB497CD-B469-42A8-AE39-41B8465710A6}.Release|Any CPU.Build.0 = Release|Any CPU
		{5DB497CD-B469-42A8-AE39-41B8465710A6}.Release|ARM.ActiveCfg = Release|Any CPU
		{5DB497CD-B469-42A8-AE39-41B8465710A6}.Release|ARM.Build.0 = Release|Any CPU
		{5DB497CD-B469-42A8-AE39-41B8465710A6}.Release|iPhone.ActiveCfg = Release|Any CPU
		{5DB497CD-B469-42A8-AE39-41B8465710A6}.Release|iPhone.Build.0 = Release|Any CPU
		{5DB497CD-B469-42A8-AE39-41B8465710A6}.Release|iPhoneSimulator.ActiveCfg = Release|Any CPU
		{5DB497CD-B469-42A8-AE39-41B8465710A6}.Release|iPhoneSimulator.Build.0 = Release|Any CPU
		{5DB497CD-B469-42A8-AE39-41B8465710A6}.Release|x64.ActiveCfg = Release|Any CPU
		{5DB497CD-B469-42A8-AE39-41B8465710A6}.Release|x64.Build.0 = Release|Any CPU
		{5DB497CD-B469-42A8-AE39-41B8465710A6}.Release|x86.ActiveCfg = Release|Any CPU
		{5DB497CD-B469-42A8-AE39-41B8465710A6}.Release|x86.Build.0 = Release|Any CPU
		{02174A60-4907-449E-818C-A25A39C0B3DC}.Ad-Hoc|Any CPU.ActiveCfg = Release|Any CPU
		{02174A60-4907-449E-818C-A25A39C0B3DC}.Ad-Hoc|ARM.ActiveCfg = Release|Any CPU
		{02174A60-4907-449E-818C-A25A39C0B3DC}.Ad-Hoc|iPhone.ActiveCfg = Release|Any CPU
		{02174A60-4907-449E-818C-A25A39C0B3DC}.Ad-Hoc|iPhoneSimulator.ActiveCfg = Release|Any CPU
		{02174A60-4907-449E-818C-A25A39C0B3DC}.Ad-Hoc|x64.ActiveCfg = Release|Any CPU
		{02174A60-4907-449E-818C-A25A39C0B3DC}.Ad-Hoc|x86.ActiveCfg = Release|Any CPU
		{02174A60-4907-449E-818C-A25A39C0B3DC}.AppStore|Any CPU.ActiveCfg = Release|Any CPU
		{02174A60-4907-449E-818C-A25A39C0B3DC}.AppStore|ARM.ActiveCfg = Release|Any CPU
		{02174A60-4907-449E-818C-A25A39C0B3DC}.AppStore|iPhone.ActiveCfg = Release|Any CPU
		{02174A60-4907-449E-818C-A25A39C0B3DC}.AppStore|iPhoneSimulator.ActiveCfg = Release|Any CPU
		{02174A60-4907-449E-818C-A25A39C0B3DC}.AppStore|x64.ActiveCfg = Release|Any CPU
		{02174A60-4907-449E-818C-A25A39C0B3DC}.AppStore|x86.ActiveCfg = Release|Any CPU
		{02174A60-4907-449E-818C-A25A39C0B3DC}.Debug|Any CPU.ActiveCfg = Debug|Any CPU
		{02174A60-4907-449E-818C-A25A39C0B3DC}.Debug|Any CPU.Build.0 = Debug|Any CPU
		{02174A60-4907-449E-818C-A25A39C0B3DC}.Debug|ARM.ActiveCfg = Debug|Any CPU
		{02174A60-4907-449E-818C-A25A39C0B3DC}.Debug|iPhone.ActiveCfg = Debug|Any CPU
		{02174A60-4907-449E-818C-A25A39C0B3DC}.Debug|iPhone.Build.0 = Debug|Any CPU
		{02174A60-4907-449E-818C-A25A39C0B3DC}.Debug|iPhoneSimulator.ActiveCfg = Debug|Any CPU
		{02174A60-4907-449E-818C-A25A39C0B3DC}.Debug|iPhoneSimulator.Build.0 = Debug|Any CPU
		{02174A60-4907-449E-818C-A25A39C0B3DC}.Debug|x64.ActiveCfg = Debug|Any CPU
		{02174A60-4907-449E-818C-A25A39C0B3DC}.Debug|x86.ActiveCfg = Debug|Any CPU
		{02174A60-4907-449E-818C-A25A39C0B3DC}.Release_iOS|Any CPU.ActiveCfg = Release|Any CPU
		{02174A60-4907-449E-818C-A25A39C0B3DC}.Release_iOS|Any CPU.Build.0 = Release|Any CPU
		{02174A60-4907-449E-818C-A25A39C0B3DC}.Release_iOS|ARM.ActiveCfg = Release|Any CPU
		{02174A60-4907-449E-818C-A25A39C0B3DC}.Release_iOS|ARM.Build.0 = Release|Any CPU
		{02174A60-4907-449E-818C-A25A39C0B3DC}.Release_iOS|iPhone.ActiveCfg = Release|Any CPU
		{02174A60-4907-449E-818C-A25A39C0B3DC}.Release_iOS|iPhone.Build.0 = Release|Any CPU
		{02174A60-4907-449E-818C-A25A39C0B3DC}.Release_iOS|iPhoneSimulator.ActiveCfg = Release|Any CPU
		{02174A60-4907-449E-818C-A25A39C0B3DC}.Release_iOS|iPhoneSimulator.Build.0 = Release|Any CPU
		{02174A60-4907-449E-818C-A25A39C0B3DC}.Release_iOS|x64.ActiveCfg = Release|Any CPU
		{02174A60-4907-449E-818C-A25A39C0B3DC}.Release_iOS|x64.Build.0 = Release|Any CPU
		{02174A60-4907-449E-818C-A25A39C0B3DC}.Release_iOS|x86.ActiveCfg = Release|Any CPU
		{02174A60-4907-449E-818C-A25A39C0B3DC}.Release_iOS|x86.Build.0 = Release|Any CPU
		{02174A60-4907-449E-818C-A25A39C0B3DC}.Release|Any CPU.ActiveCfg = Release|Any CPU
		{02174A60-4907-449E-818C-A25A39C0B3DC}.Release|Any CPU.Build.0 = Release|Any CPU
		{02174A60-4907-449E-818C-A25A39C0B3DC}.Release|ARM.ActiveCfg = Release|Any CPU
		{02174A60-4907-449E-818C-A25A39C0B3DC}.Release|iPhone.ActiveCfg = Release|Any CPU
		{02174A60-4907-449E-818C-A25A39C0B3DC}.Release|iPhone.Build.0 = Release|Any CPU
		{02174A60-4907-449E-818C-A25A39C0B3DC}.Release|iPhoneSimulator.ActiveCfg = Release|Any CPU
		{02174A60-4907-449E-818C-A25A39C0B3DC}.Release|x64.ActiveCfg = Release|Any CPU
		{02174A60-4907-449E-818C-A25A39C0B3DC}.Release|x86.ActiveCfg = Release|Any CPU
		{23930C19-5A0F-4217-A80A-868505D629A4}.Ad-Hoc|Any CPU.ActiveCfg = Release|Any CPU
		{23930C19-5A0F-4217-A80A-868505D629A4}.Ad-Hoc|ARM.ActiveCfg = Release|Any CPU
		{23930C19-5A0F-4217-A80A-868505D629A4}.Ad-Hoc|iPhone.ActiveCfg = Release|Any CPU
		{23930C19-5A0F-4217-A80A-868505D629A4}.Ad-Hoc|iPhoneSimulator.ActiveCfg = Release|Any CPU
		{23930C19-5A0F-4217-A80A-868505D629A4}.Ad-Hoc|x64.ActiveCfg = Release|Any CPU
		{23930C19-5A0F-4217-A80A-868505D629A4}.Ad-Hoc|x86.ActiveCfg = Release|Any CPU
		{23930C19-5A0F-4217-A80A-868505D629A4}.AppStore|Any CPU.ActiveCfg = Release|Any CPU
		{23930C19-5A0F-4217-A80A-868505D629A4}.AppStore|ARM.ActiveCfg = Release|Any CPU
		{23930C19-5A0F-4217-A80A-868505D629A4}.AppStore|iPhone.ActiveCfg = Release|Any CPU
		{23930C19-5A0F-4217-A80A-868505D629A4}.AppStore|iPhoneSimulator.ActiveCfg = Release|Any CPU
		{23930C19-5A0F-4217-A80A-868505D629A4}.AppStore|x64.ActiveCfg = Release|Any CPU
		{23930C19-5A0F-4217-A80A-868505D629A4}.AppStore|x86.ActiveCfg = Release|Any CPU
		{23930C19-5A0F-4217-A80A-868505D629A4}.Debug|Any CPU.ActiveCfg = Debug|Any CPU
		{23930C19-5A0F-4217-A80A-868505D629A4}.Debug|Any CPU.Build.0 = Debug|Any CPU
		{23930C19-5A0F-4217-A80A-868505D629A4}.Debug|ARM.ActiveCfg = Debug|Any CPU
		{23930C19-5A0F-4217-A80A-868505D629A4}.Debug|iPhone.ActiveCfg = Debug|Any CPU
		{23930C19-5A0F-4217-A80A-868505D629A4}.Debug|iPhone.Build.0 = Debug|Any CPU
		{23930C19-5A0F-4217-A80A-868505D629A4}.Debug|iPhoneSimulator.ActiveCfg = Debug|Any CPU
		{23930C19-5A0F-4217-A80A-868505D629A4}.Debug|iPhoneSimulator.Build.0 = Debug|Any CPU
		{23930C19-5A0F-4217-A80A-868505D629A4}.Debug|x64.ActiveCfg = Debug|Any CPU
		{23930C19-5A0F-4217-A80A-868505D629A4}.Debug|x86.ActiveCfg = Debug|Any CPU
		{23930C19-5A0F-4217-A80A-868505D629A4}.Release_iOS|Any CPU.ActiveCfg = Release|Any CPU
		{23930C19-5A0F-4217-A80A-868505D629A4}.Release_iOS|Any CPU.Build.0 = Release|Any CPU
		{23930C19-5A0F-4217-A80A-868505D629A4}.Release_iOS|ARM.ActiveCfg = Release|Any CPU
		{23930C19-5A0F-4217-A80A-868505D629A4}.Release_iOS|ARM.Build.0 = Release|Any CPU
		{23930C19-5A0F-4217-A80A-868505D629A4}.Release_iOS|iPhone.ActiveCfg = Release|Any CPU
		{23930C19-5A0F-4217-A80A-868505D629A4}.Release_iOS|iPhone.Build.0 = Release|Any CPU
		{23930C19-5A0F-4217-A80A-868505D629A4}.Release_iOS|iPhoneSimulator.ActiveCfg = Release|Any CPU
		{23930C19-5A0F-4217-A80A-868505D629A4}.Release_iOS|iPhoneSimulator.Build.0 = Release|Any CPU
		{23930C19-5A0F-4217-A80A-868505D629A4}.Release_iOS|x64.ActiveCfg = Release|Any CPU
		{23930C19-5A0F-4217-A80A-868505D629A4}.Release_iOS|x64.Build.0 = Release|Any CPU
		{23930C19-5A0F-4217-A80A-868505D629A4}.Release_iOS|x86.ActiveCfg = Release|Any CPU
		{23930C19-5A0F-4217-A80A-868505D629A4}.Release_iOS|x86.Build.0 = Release|Any CPU
		{23930C19-5A0F-4217-A80A-868505D629A4}.Release|Any CPU.ActiveCfg = Release|Any CPU
		{23930C19-5A0F-4217-A80A-868505D629A4}.Release|Any CPU.Build.0 = Release|Any CPU
		{23930C19-5A0F-4217-A80A-868505D629A4}.Release|ARM.ActiveCfg = Release|Any CPU
		{23930C19-5A0F-4217-A80A-868505D629A4}.Release|iPhone.ActiveCfg = Release|Any CPU
		{23930C19-5A0F-4217-A80A-868505D629A4}.Release|iPhone.Build.0 = Release|Any CPU
		{23930C19-5A0F-4217-A80A-868505D629A4}.Release|iPhoneSimulator.ActiveCfg = Release|Any CPU
		{23930C19-5A0F-4217-A80A-868505D629A4}.Release|x64.ActiveCfg = Release|Any CPU
		{23930C19-5A0F-4217-A80A-868505D629A4}.Release|x86.ActiveCfg = Release|Any CPU
		{136825C7-1F60-4E77-AB0C-1E524B6C5023}.Ad-Hoc|Any CPU.ActiveCfg = Ad-Hoc|iPhone
		{136825C7-1F60-4E77-AB0C-1E524B6C5023}.Ad-Hoc|ARM.ActiveCfg = Ad-Hoc|iPhone
		{136825C7-1F60-4E77-AB0C-1E524B6C5023}.Ad-Hoc|iPhone.ActiveCfg = Ad-Hoc|iPhone
		{136825C7-1F60-4E77-AB0C-1E524B6C5023}.Ad-Hoc|iPhone.Build.0 = Ad-Hoc|iPhone
		{136825C7-1F60-4E77-AB0C-1E524B6C5023}.Ad-Hoc|iPhoneSimulator.ActiveCfg = Ad-Hoc|iPhoneSimulator
		{136825C7-1F60-4E77-AB0C-1E524B6C5023}.Ad-Hoc|iPhoneSimulator.Build.0 = Ad-Hoc|iPhoneSimulator
		{136825C7-1F60-4E77-AB0C-1E524B6C5023}.Ad-Hoc|x64.ActiveCfg = Ad-Hoc|iPhone
		{136825C7-1F60-4E77-AB0C-1E524B6C5023}.Ad-Hoc|x86.ActiveCfg = Ad-Hoc|iPhone
		{136825C7-1F60-4E77-AB0C-1E524B6C5023}.AppStore|Any CPU.ActiveCfg = AppStore|iPhone
		{136825C7-1F60-4E77-AB0C-1E524B6C5023}.AppStore|ARM.ActiveCfg = AppStore|iPhone
		{136825C7-1F60-4E77-AB0C-1E524B6C5023}.AppStore|iPhone.ActiveCfg = AppStore|iPhone
		{136825C7-1F60-4E77-AB0C-1E524B6C5023}.AppStore|iPhone.Build.0 = AppStore|iPhone
		{136825C7-1F60-4E77-AB0C-1E524B6C5023}.AppStore|iPhoneSimulator.ActiveCfg = AppStore|iPhoneSimulator
		{136825C7-1F60-4E77-AB0C-1E524B6C5023}.AppStore|iPhoneSimulator.Build.0 = AppStore|iPhoneSimulator
		{136825C7-1F60-4E77-AB0C-1E524B6C5023}.AppStore|x64.ActiveCfg = AppStore|iPhone
		{136825C7-1F60-4E77-AB0C-1E524B6C5023}.AppStore|x86.ActiveCfg = AppStore|iPhone
		{136825C7-1F60-4E77-AB0C-1E524B6C5023}.Debug|Any CPU.ActiveCfg = Debug|iPhone
		{136825C7-1F60-4E77-AB0C-1E524B6C5023}.Debug|ARM.ActiveCfg = Debug|iPhone
		{136825C7-1F60-4E77-AB0C-1E524B6C5023}.Debug|iPhone.ActiveCfg = Debug|iPhone
		{136825C7-1F60-4E77-AB0C-1E524B6C5023}.Debug|iPhone.Build.0 = Debug|iPhone
		{136825C7-1F60-4E77-AB0C-1E524B6C5023}.Debug|iPhoneSimulator.ActiveCfg = Debug|iPhoneSimulator
		{136825C7-1F60-4E77-AB0C-1E524B6C5023}.Debug|iPhoneSimulator.Build.0 = Debug|iPhoneSimulator
		{136825C7-1F60-4E77-AB0C-1E524B6C5023}.Debug|x64.ActiveCfg = Debug|iPhone
		{136825C7-1F60-4E77-AB0C-1E524B6C5023}.Debug|x86.ActiveCfg = Debug|iPhone
		{136825C7-1F60-4E77-AB0C-1E524B6C5023}.Release_iOS|Any CPU.ActiveCfg = Release|iPhoneSimulator
		{136825C7-1F60-4E77-AB0C-1E524B6C5023}.Release_iOS|Any CPU.Build.0 = Release|iPhoneSimulator
		{136825C7-1F60-4E77-AB0C-1E524B6C5023}.Release_iOS|ARM.ActiveCfg = Release|iPhoneSimulator
		{136825C7-1F60-4E77-AB0C-1E524B6C5023}.Release_iOS|ARM.Build.0 = Release|iPhoneSimulator
		{136825C7-1F60-4E77-AB0C-1E524B6C5023}.Release_iOS|iPhone.ActiveCfg = Release|iPhone
		{136825C7-1F60-4E77-AB0C-1E524B6C5023}.Release_iOS|iPhone.Build.0 = Release|iPhone
		{136825C7-1F60-4E77-AB0C-1E524B6C5023}.Release_iOS|iPhoneSimulator.ActiveCfg = Release|iPhoneSimulator
		{136825C7-1F60-4E77-AB0C-1E524B6C5023}.Release_iOS|iPhoneSimulator.Build.0 = Release|iPhoneSimulator
		{136825C7-1F60-4E77-AB0C-1E524B6C5023}.Release_iOS|x64.ActiveCfg = Release|iPhoneSimulator
		{136825C7-1F60-4E77-AB0C-1E524B6C5023}.Release_iOS|x64.Build.0 = Release|iPhoneSimulator
		{136825C7-1F60-4E77-AB0C-1E524B6C5023}.Release_iOS|x86.ActiveCfg = Release|iPhoneSimulator
		{136825C7-1F60-4E77-AB0C-1E524B6C5023}.Release_iOS|x86.Build.0 = Release|iPhoneSimulator
		{136825C7-1F60-4E77-AB0C-1E524B6C5023}.Release|Any CPU.ActiveCfg = Release|iPhone
		{136825C7-1F60-4E77-AB0C-1E524B6C5023}.Release|Any CPU.Build.0 = Release|iPhone
		{136825C7-1F60-4E77-AB0C-1E524B6C5023}.Release|ARM.ActiveCfg = Release|iPhone
		{136825C7-1F60-4E77-AB0C-1E524B6C5023}.Release|iPhone.ActiveCfg = Release|iPhone
		{136825C7-1F60-4E77-AB0C-1E524B6C5023}.Release|iPhone.Build.0 = Release|iPhone
		{136825C7-1F60-4E77-AB0C-1E524B6C5023}.Release|iPhoneSimulator.ActiveCfg = Release|iPhoneSimulator
		{136825C7-1F60-4E77-AB0C-1E524B6C5023}.Release|iPhoneSimulator.Build.0 = Release|iPhoneSimulator
		{136825C7-1F60-4E77-AB0C-1E524B6C5023}.Release|x64.ActiveCfg = Release|iPhone
		{136825C7-1F60-4E77-AB0C-1E524B6C5023}.Release|x86.ActiveCfg = Release|iPhone
		{30515EE5-B4A2-4EAC-ACFA-95A244C76648}.Ad-Hoc|Any CPU.ActiveCfg = Release|Any CPU
		{30515EE5-B4A2-4EAC-ACFA-95A244C76648}.Ad-Hoc|Any CPU.Build.0 = Release|Any CPU
		{30515EE5-B4A2-4EAC-ACFA-95A244C76648}.Ad-Hoc|Any CPU.Deploy.0 = Release|Any CPU
		{30515EE5-B4A2-4EAC-ACFA-95A244C76648}.Ad-Hoc|ARM.ActiveCfg = Release|Any CPU
		{30515EE5-B4A2-4EAC-ACFA-95A244C76648}.Ad-Hoc|ARM.Build.0 = Release|Any CPU
		{30515EE5-B4A2-4EAC-ACFA-95A244C76648}.Ad-Hoc|ARM.Deploy.0 = Release|Any CPU
		{30515EE5-B4A2-4EAC-ACFA-95A244C76648}.Ad-Hoc|iPhone.ActiveCfg = Release|Any CPU
		{30515EE5-B4A2-4EAC-ACFA-95A244C76648}.Ad-Hoc|iPhone.Build.0 = Release|Any CPU
		{30515EE5-B4A2-4EAC-ACFA-95A244C76648}.Ad-Hoc|iPhone.Deploy.0 = Release|Any CPU
		{30515EE5-B4A2-4EAC-ACFA-95A244C76648}.Ad-Hoc|iPhoneSimulator.ActiveCfg = Release|Any CPU
		{30515EE5-B4A2-4EAC-ACFA-95A244C76648}.Ad-Hoc|iPhoneSimulator.Build.0 = Release|Any CPU
		{30515EE5-B4A2-4EAC-ACFA-95A244C76648}.Ad-Hoc|iPhoneSimulator.Deploy.0 = Release|Any CPU
		{30515EE5-B4A2-4EAC-ACFA-95A244C76648}.Ad-Hoc|x64.ActiveCfg = Release|Any CPU
		{30515EE5-B4A2-4EAC-ACFA-95A244C76648}.Ad-Hoc|x64.Build.0 = Release|Any CPU
		{30515EE5-B4A2-4EAC-ACFA-95A244C76648}.Ad-Hoc|x64.Deploy.0 = Release|Any CPU
		{30515EE5-B4A2-4EAC-ACFA-95A244C76648}.Ad-Hoc|x86.ActiveCfg = Release|Any CPU
		{30515EE5-B4A2-4EAC-ACFA-95A244C76648}.Ad-Hoc|x86.Build.0 = Release|Any CPU
		{30515EE5-B4A2-4EAC-ACFA-95A244C76648}.Ad-Hoc|x86.Deploy.0 = Release|Any CPU
		{30515EE5-B4A2-4EAC-ACFA-95A244C76648}.AppStore|Any CPU.ActiveCfg = Release|Any CPU
		{30515EE5-B4A2-4EAC-ACFA-95A244C76648}.AppStore|Any CPU.Build.0 = Release|Any CPU
		{30515EE5-B4A2-4EAC-ACFA-95A244C76648}.AppStore|Any CPU.Deploy.0 = Release|Any CPU
		{30515EE5-B4A2-4EAC-ACFA-95A244C76648}.AppStore|ARM.ActiveCfg = Release|Any CPU
		{30515EE5-B4A2-4EAC-ACFA-95A244C76648}.AppStore|ARM.Build.0 = Release|Any CPU
		{30515EE5-B4A2-4EAC-ACFA-95A244C76648}.AppStore|ARM.Deploy.0 = Release|Any CPU
		{30515EE5-B4A2-4EAC-ACFA-95A244C76648}.AppStore|iPhone.ActiveCfg = Release|Any CPU
		{30515EE5-B4A2-4EAC-ACFA-95A244C76648}.AppStore|iPhone.Build.0 = Release|Any CPU
		{30515EE5-B4A2-4EAC-ACFA-95A244C76648}.AppStore|iPhone.Deploy.0 = Release|Any CPU
		{30515EE5-B4A2-4EAC-ACFA-95A244C76648}.AppStore|iPhoneSimulator.ActiveCfg = Release|Any CPU
		{30515EE5-B4A2-4EAC-ACFA-95A244C76648}.AppStore|iPhoneSimulator.Build.0 = Release|Any CPU
		{30515EE5-B4A2-4EAC-ACFA-95A244C76648}.AppStore|iPhoneSimulator.Deploy.0 = Release|Any CPU
		{30515EE5-B4A2-4EAC-ACFA-95A244C76648}.AppStore|x64.ActiveCfg = Release|Any CPU
		{30515EE5-B4A2-4EAC-ACFA-95A244C76648}.AppStore|x64.Build.0 = Release|Any CPU
		{30515EE5-B4A2-4EAC-ACFA-95A244C76648}.AppStore|x64.Deploy.0 = Release|Any CPU
		{30515EE5-B4A2-4EAC-ACFA-95A244C76648}.AppStore|x86.ActiveCfg = Release|Any CPU
		{30515EE5-B4A2-4EAC-ACFA-95A244C76648}.AppStore|x86.Build.0 = Release|Any CPU
		{30515EE5-B4A2-4EAC-ACFA-95A244C76648}.AppStore|x86.Deploy.0 = Release|Any CPU
		{30515EE5-B4A2-4EAC-ACFA-95A244C76648}.Debug|Any CPU.ActiveCfg = Debug|Any CPU
		{30515EE5-B4A2-4EAC-ACFA-95A244C76648}.Debug|Any CPU.Build.0 = Debug|Any CPU
		{30515EE5-B4A2-4EAC-ACFA-95A244C76648}.Debug|Any CPU.Deploy.0 = Debug|Any CPU
		{30515EE5-B4A2-4EAC-ACFA-95A244C76648}.Debug|ARM.ActiveCfg = Debug|Any CPU
		{30515EE5-B4A2-4EAC-ACFA-95A244C76648}.Debug|ARM.Build.0 = Debug|Any CPU
		{30515EE5-B4A2-4EAC-ACFA-95A244C76648}.Debug|ARM.Deploy.0 = Debug|Any CPU
		{30515EE5-B4A2-4EAC-ACFA-95A244C76648}.Debug|iPhone.ActiveCfg = Debug|Any CPU
		{30515EE5-B4A2-4EAC-ACFA-95A244C76648}.Debug|iPhone.Build.0 = Debug|Any CPU
		{30515EE5-B4A2-4EAC-ACFA-95A244C76648}.Debug|iPhone.Deploy.0 = Debug|Any CPU
		{30515EE5-B4A2-4EAC-ACFA-95A244C76648}.Debug|iPhoneSimulator.ActiveCfg = Debug|Any CPU
		{30515EE5-B4A2-4EAC-ACFA-95A244C76648}.Debug|iPhoneSimulator.Build.0 = Debug|Any CPU
		{30515EE5-B4A2-4EAC-ACFA-95A244C76648}.Debug|iPhoneSimulator.Deploy.0 = Debug|Any CPU
		{30515EE5-B4A2-4EAC-ACFA-95A244C76648}.Debug|x64.ActiveCfg = Debug|Any CPU
		{30515EE5-B4A2-4EAC-ACFA-95A244C76648}.Debug|x64.Build.0 = Debug|Any CPU
		{30515EE5-B4A2-4EAC-ACFA-95A244C76648}.Debug|x64.Deploy.0 = Debug|Any CPU
		{30515EE5-B4A2-4EAC-ACFA-95A244C76648}.Debug|x86.ActiveCfg = Debug|Any CPU
		{30515EE5-B4A2-4EAC-ACFA-95A244C76648}.Debug|x86.Build.0 = Debug|Any CPU
		{30515EE5-B4A2-4EAC-ACFA-95A244C76648}.Debug|x86.Deploy.0 = Debug|Any CPU
		{30515EE5-B4A2-4EAC-ACFA-95A244C76648}.Release_iOS|Any CPU.ActiveCfg = Release|Any CPU
		{30515EE5-B4A2-4EAC-ACFA-95A244C76648}.Release_iOS|Any CPU.Build.0 = Release|Any CPU
		{30515EE5-B4A2-4EAC-ACFA-95A244C76648}.Release_iOS|Any CPU.Deploy.0 = Release|Any CPU
		{30515EE5-B4A2-4EAC-ACFA-95A244C76648}.Release_iOS|ARM.ActiveCfg = Release|Any CPU
		{30515EE5-B4A2-4EAC-ACFA-95A244C76648}.Release_iOS|ARM.Build.0 = Release|Any CPU
		{30515EE5-B4A2-4EAC-ACFA-95A244C76648}.Release_iOS|ARM.Deploy.0 = Release|Any CPU
		{30515EE5-B4A2-4EAC-ACFA-95A244C76648}.Release_iOS|iPhone.ActiveCfg = Release|Any CPU
		{30515EE5-B4A2-4EAC-ACFA-95A244C76648}.Release_iOS|iPhone.Build.0 = Release|Any CPU
		{30515EE5-B4A2-4EAC-ACFA-95A244C76648}.Release_iOS|iPhone.Deploy.0 = Release|Any CPU
		{30515EE5-B4A2-4EAC-ACFA-95A244C76648}.Release_iOS|iPhoneSimulator.ActiveCfg = Release|Any CPU
		{30515EE5-B4A2-4EAC-ACFA-95A244C76648}.Release_iOS|iPhoneSimulator.Build.0 = Release|Any CPU
		{30515EE5-B4A2-4EAC-ACFA-95A244C76648}.Release_iOS|iPhoneSimulator.Deploy.0 = Release|Any CPU
		{30515EE5-B4A2-4EAC-ACFA-95A244C76648}.Release_iOS|x64.ActiveCfg = Release|Any CPU
		{30515EE5-B4A2-4EAC-ACFA-95A244C76648}.Release_iOS|x64.Build.0 = Release|Any CPU
		{30515EE5-B4A2-4EAC-ACFA-95A244C76648}.Release_iOS|x64.Deploy.0 = Release|Any CPU
		{30515EE5-B4A2-4EAC-ACFA-95A244C76648}.Release_iOS|x86.ActiveCfg = Release|Any CPU
		{30515EE5-B4A2-4EAC-ACFA-95A244C76648}.Release_iOS|x86.Build.0 = Release|Any CPU
		{30515EE5-B4A2-4EAC-ACFA-95A244C76648}.Release_iOS|x86.Deploy.0 = Release|Any CPU
		{30515EE5-B4A2-4EAC-ACFA-95A244C76648}.Release|Any CPU.ActiveCfg = Release|Any CPU
		{30515EE5-B4A2-4EAC-ACFA-95A244C76648}.Release|Any CPU.Build.0 = Release|Any CPU
		{30515EE5-B4A2-4EAC-ACFA-95A244C76648}.Release|Any CPU.Deploy.0 = Release|Any CPU
		{30515EE5-B4A2-4EAC-ACFA-95A244C76648}.Release|ARM.ActiveCfg = Release|Any CPU
		{30515EE5-B4A2-4EAC-ACFA-95A244C76648}.Release|ARM.Build.0 = Release|Any CPU
		{30515EE5-B4A2-4EAC-ACFA-95A244C76648}.Release|ARM.Deploy.0 = Release|Any CPU
		{30515EE5-B4A2-4EAC-ACFA-95A244C76648}.Release|iPhone.ActiveCfg = Release|Any CPU
		{30515EE5-B4A2-4EAC-ACFA-95A244C76648}.Release|iPhone.Build.0 = Release|Any CPU
		{30515EE5-B4A2-4EAC-ACFA-95A244C76648}.Release|iPhone.Deploy.0 = Release|Any CPU
		{30515EE5-B4A2-4EAC-ACFA-95A244C76648}.Release|iPhoneSimulator.ActiveCfg = Release|Any CPU
		{30515EE5-B4A2-4EAC-ACFA-95A244C76648}.Release|iPhoneSimulator.Build.0 = Release|Any CPU
		{30515EE5-B4A2-4EAC-ACFA-95A244C76648}.Release|iPhoneSimulator.Deploy.0 = Release|Any CPU
		{30515EE5-B4A2-4EAC-ACFA-95A244C76648}.Release|x64.ActiveCfg = Release|Any CPU
		{30515EE5-B4A2-4EAC-ACFA-95A244C76648}.Release|x64.Build.0 = Release|Any CPU
		{30515EE5-B4A2-4EAC-ACFA-95A244C76648}.Release|x64.Deploy.0 = Release|Any CPU
		{30515EE5-B4A2-4EAC-ACFA-95A244C76648}.Release|x86.ActiveCfg = Release|Any CPU
		{30515EE5-B4A2-4EAC-ACFA-95A244C76648}.Release|x86.Build.0 = Release|Any CPU
		{30515EE5-B4A2-4EAC-ACFA-95A244C76648}.Release|x86.Deploy.0 = Release|Any CPU
		{0D2293D6-3C35-4E6F-B73F-2C8B7BA060AC}.Ad-Hoc|Any CPU.ActiveCfg = Debug|Any CPU
		{0D2293D6-3C35-4E6F-B73F-2C8B7BA060AC}.Ad-Hoc|Any CPU.Build.0 = Debug|Any CPU
		{0D2293D6-3C35-4E6F-B73F-2C8B7BA060AC}.Ad-Hoc|ARM.ActiveCfg = Debug|Any CPU
		{0D2293D6-3C35-4E6F-B73F-2C8B7BA060AC}.Ad-Hoc|ARM.Build.0 = Debug|Any CPU
		{0D2293D6-3C35-4E6F-B73F-2C8B7BA060AC}.Ad-Hoc|iPhone.ActiveCfg = Debug|Any CPU
		{0D2293D6-3C35-4E6F-B73F-2C8B7BA060AC}.Ad-Hoc|iPhone.Build.0 = Debug|Any CPU
		{0D2293D6-3C35-4E6F-B73F-2C8B7BA060AC}.Ad-Hoc|iPhoneSimulator.ActiveCfg = Debug|Any CPU
		{0D2293D6-3C35-4E6F-B73F-2C8B7BA060AC}.Ad-Hoc|iPhoneSimulator.Build.0 = Debug|Any CPU
		{0D2293D6-3C35-4E6F-B73F-2C8B7BA060AC}.Ad-Hoc|x64.ActiveCfg = Debug|Any CPU
		{0D2293D6-3C35-4E6F-B73F-2C8B7BA060AC}.Ad-Hoc|x64.Build.0 = Debug|Any CPU
		{0D2293D6-3C35-4E6F-B73F-2C8B7BA060AC}.Ad-Hoc|x86.ActiveCfg = Debug|Any CPU
		{0D2293D6-3C35-4E6F-B73F-2C8B7BA060AC}.Ad-Hoc|x86.Build.0 = Debug|Any CPU
		{0D2293D6-3C35-4E6F-B73F-2C8B7BA060AC}.AppStore|Any CPU.ActiveCfg = Debug|Any CPU
		{0D2293D6-3C35-4E6F-B73F-2C8B7BA060AC}.AppStore|Any CPU.Build.0 = Debug|Any CPU
		{0D2293D6-3C35-4E6F-B73F-2C8B7BA060AC}.AppStore|ARM.ActiveCfg = Debug|Any CPU
		{0D2293D6-3C35-4E6F-B73F-2C8B7BA060AC}.AppStore|ARM.Build.0 = Debug|Any CPU
		{0D2293D6-3C35-4E6F-B73F-2C8B7BA060AC}.AppStore|iPhone.ActiveCfg = Debug|Any CPU
		{0D2293D6-3C35-4E6F-B73F-2C8B7BA060AC}.AppStore|iPhone.Build.0 = Debug|Any CPU
		{0D2293D6-3C35-4E6F-B73F-2C8B7BA060AC}.AppStore|iPhoneSimulator.ActiveCfg = Debug|Any CPU
		{0D2293D6-3C35-4E6F-B73F-2C8B7BA060AC}.AppStore|iPhoneSimulator.Build.0 = Debug|Any CPU
		{0D2293D6-3C35-4E6F-B73F-2C8B7BA060AC}.AppStore|x64.ActiveCfg = Debug|Any CPU
		{0D2293D6-3C35-4E6F-B73F-2C8B7BA060AC}.AppStore|x64.Build.0 = Debug|Any CPU
		{0D2293D6-3C35-4E6F-B73F-2C8B7BA060AC}.AppStore|x86.ActiveCfg = Debug|Any CPU
		{0D2293D6-3C35-4E6F-B73F-2C8B7BA060AC}.AppStore|x86.Build.0 = Debug|Any CPU
		{0D2293D6-3C35-4E6F-B73F-2C8B7BA060AC}.Debug|Any CPU.ActiveCfg = Debug|Any CPU
		{0D2293D6-3C35-4E6F-B73F-2C8B7BA060AC}.Debug|Any CPU.Build.0 = Debug|Any CPU
		{0D2293D6-3C35-4E6F-B73F-2C8B7BA060AC}.Debug|ARM.ActiveCfg = Debug|Any CPU
		{0D2293D6-3C35-4E6F-B73F-2C8B7BA060AC}.Debug|ARM.Build.0 = Debug|Any CPU
		{0D2293D6-3C35-4E6F-B73F-2C8B7BA060AC}.Debug|iPhone.ActiveCfg = Debug|Any CPU
		{0D2293D6-3C35-4E6F-B73F-2C8B7BA060AC}.Debug|iPhone.Build.0 = Debug|Any CPU
		{0D2293D6-3C35-4E6F-B73F-2C8B7BA060AC}.Debug|iPhoneSimulator.ActiveCfg = Debug|Any CPU
		{0D2293D6-3C35-4E6F-B73F-2C8B7BA060AC}.Debug|iPhoneSimulator.Build.0 = Debug|Any CPU
		{0D2293D6-3C35-4E6F-B73F-2C8B7BA060AC}.Debug|x64.ActiveCfg = Debug|Any CPU
		{0D2293D6-3C35-4E6F-B73F-2C8B7BA060AC}.Debug|x64.Build.0 = Debug|Any CPU
		{0D2293D6-3C35-4E6F-B73F-2C8B7BA060AC}.Debug|x86.ActiveCfg = Debug|Any CPU
		{0D2293D6-3C35-4E6F-B73F-2C8B7BA060AC}.Debug|x86.Build.0 = Debug|Any CPU
		{0D2293D6-3C35-4E6F-B73F-2C8B7BA060AC}.Release_iOS|Any CPU.ActiveCfg = Release|Any CPU
		{0D2293D6-3C35-4E6F-B73F-2C8B7BA060AC}.Release_iOS|Any CPU.Build.0 = Release|Any CPU
		{0D2293D6-3C35-4E6F-B73F-2C8B7BA060AC}.Release_iOS|ARM.ActiveCfg = Release|Any CPU
		{0D2293D6-3C35-4E6F-B73F-2C8B7BA060AC}.Release_iOS|ARM.Build.0 = Release|Any CPU
		{0D2293D6-3C35-4E6F-B73F-2C8B7BA060AC}.Release_iOS|iPhone.ActiveCfg = Release|Any CPU
		{0D2293D6-3C35-4E6F-B73F-2C8B7BA060AC}.Release_iOS|iPhone.Build.0 = Release|Any CPU
		{0D2293D6-3C35-4E6F-B73F-2C8B7BA060AC}.Release_iOS|iPhoneSimulator.ActiveCfg = Release|Any CPU
		{0D2293D6-3C35-4E6F-B73F-2C8B7BA060AC}.Release_iOS|iPhoneSimulator.Build.0 = Release|Any CPU
		{0D2293D6-3C35-4E6F-B73F-2C8B7BA060AC}.Release_iOS|x64.ActiveCfg = Release|Any CPU
		{0D2293D6-3C35-4E6F-B73F-2C8B7BA060AC}.Release_iOS|x64.Build.0 = Release|Any CPU
		{0D2293D6-3C35-4E6F-B73F-2C8B7BA060AC}.Release_iOS|x86.ActiveCfg = Release|Any CPU
		{0D2293D6-3C35-4E6F-B73F-2C8B7BA060AC}.Release_iOS|x86.Build.0 = Release|Any CPU
		{0D2293D6-3C35-4E6F-B73F-2C8B7BA060AC}.Release|Any CPU.ActiveCfg = Release|Any CPU
		{0D2293D6-3C35-4E6F-B73F-2C8B7BA060AC}.Release|Any CPU.Build.0 = Release|Any CPU
		{0D2293D6-3C35-4E6F-B73F-2C8B7BA060AC}.Release|ARM.ActiveCfg = Release|Any CPU
		{0D2293D6-3C35-4E6F-B73F-2C8B7BA060AC}.Release|ARM.Build.0 = Release|Any CPU
		{0D2293D6-3C35-4E6F-B73F-2C8B7BA060AC}.Release|iPhone.ActiveCfg = Release|Any CPU
		{0D2293D6-3C35-4E6F-B73F-2C8B7BA060AC}.Release|iPhone.Build.0 = Release|Any CPU
		{0D2293D6-3C35-4E6F-B73F-2C8B7BA060AC}.Release|iPhoneSimulator.ActiveCfg = Release|Any CPU
		{0D2293D6-3C35-4E6F-B73F-2C8B7BA060AC}.Release|iPhoneSimulator.Build.0 = Release|Any CPU
		{0D2293D6-3C35-4E6F-B73F-2C8B7BA060AC}.Release|x64.ActiveCfg = Release|Any CPU
		{0D2293D6-3C35-4E6F-B73F-2C8B7BA060AC}.Release|x64.Build.0 = Release|Any CPU
		{0D2293D6-3C35-4E6F-B73F-2C8B7BA060AC}.Release|x86.ActiveCfg = Release|Any CPU
		{0D2293D6-3C35-4E6F-B73F-2C8B7BA060AC}.Release|x86.Build.0 = Release|Any CPU
		{91B9F816-5B05-4D94-A002-58973C02719B}.Ad-Hoc|Any CPU.ActiveCfg = Release|x64
		{91B9F816-5B05-4D94-A002-58973C02719B}.Ad-Hoc|Any CPU.Build.0 = Release|x64
		{91B9F816-5B05-4D94-A002-58973C02719B}.Ad-Hoc|Any CPU.Deploy.0 = Release|x64
		{91B9F816-5B05-4D94-A002-58973C02719B}.Ad-Hoc|ARM.ActiveCfg = Release|ARM
		{91B9F816-5B05-4D94-A002-58973C02719B}.Ad-Hoc|ARM.Build.0 = Release|ARM
		{91B9F816-5B05-4D94-A002-58973C02719B}.Ad-Hoc|ARM.Deploy.0 = Release|ARM
		{91B9F816-5B05-4D94-A002-58973C02719B}.Ad-Hoc|iPhone.ActiveCfg = Release|x64
		{91B9F816-5B05-4D94-A002-58973C02719B}.Ad-Hoc|iPhone.Build.0 = Release|x64
		{91B9F816-5B05-4D94-A002-58973C02719B}.Ad-Hoc|iPhone.Deploy.0 = Release|x64
		{91B9F816-5B05-4D94-A002-58973C02719B}.Ad-Hoc|iPhoneSimulator.ActiveCfg = Release|x64
		{91B9F816-5B05-4D94-A002-58973C02719B}.Ad-Hoc|iPhoneSimulator.Build.0 = Release|x64
		{91B9F816-5B05-4D94-A002-58973C02719B}.Ad-Hoc|iPhoneSimulator.Deploy.0 = Release|x64
		{91B9F816-5B05-4D94-A002-58973C02719B}.Ad-Hoc|x64.ActiveCfg = Release|x64
		{91B9F816-5B05-4D94-A002-58973C02719B}.Ad-Hoc|x64.Build.0 = Release|x64
		{91B9F816-5B05-4D94-A002-58973C02719B}.Ad-Hoc|x64.Deploy.0 = Release|x64
		{91B9F816-5B05-4D94-A002-58973C02719B}.Ad-Hoc|x86.ActiveCfg = Release|x86
		{91B9F816-5B05-4D94-A002-58973C02719B}.Ad-Hoc|x86.Build.0 = Release|x86
		{91B9F816-5B05-4D94-A002-58973C02719B}.Ad-Hoc|x86.Deploy.0 = Release|x86
		{91B9F816-5B05-4D94-A002-58973C02719B}.AppStore|Any CPU.ActiveCfg = Release|x64
		{91B9F816-5B05-4D94-A002-58973C02719B}.AppStore|Any CPU.Build.0 = Release|x64
		{91B9F816-5B05-4D94-A002-58973C02719B}.AppStore|Any CPU.Deploy.0 = Release|x64
		{91B9F816-5B05-4D94-A002-58973C02719B}.AppStore|ARM.ActiveCfg = Release|ARM
		{91B9F816-5B05-4D94-A002-58973C02719B}.AppStore|ARM.Build.0 = Release|ARM
		{91B9F816-5B05-4D94-A002-58973C02719B}.AppStore|ARM.Deploy.0 = Release|ARM
		{91B9F816-5B05-4D94-A002-58973C02719B}.AppStore|iPhone.ActiveCfg = Release|x64
		{91B9F816-5B05-4D94-A002-58973C02719B}.AppStore|iPhone.Build.0 = Release|x64
		{91B9F816-5B05-4D94-A002-58973C02719B}.AppStore|iPhone.Deploy.0 = Release|x64
		{91B9F816-5B05-4D94-A002-58973C02719B}.AppStore|iPhoneSimulator.ActiveCfg = Release|x64
		{91B9F816-5B05-4D94-A002-58973C02719B}.AppStore|iPhoneSimulator.Build.0 = Release|x64
		{91B9F816-5B05-4D94-A002-58973C02719B}.AppStore|iPhoneSimulator.Deploy.0 = Release|x64
		{91B9F816-5B05-4D94-A002-58973C02719B}.AppStore|x64.ActiveCfg = Release|x64
		{91B9F816-5B05-4D94-A002-58973C02719B}.AppStore|x64.Build.0 = Release|x64
		{91B9F816-5B05-4D94-A002-58973C02719B}.AppStore|x64.Deploy.0 = Release|x64
		{91B9F816-5B05-4D94-A002-58973C02719B}.AppStore|x86.ActiveCfg = Release|x86
		{91B9F816-5B05-4D94-A002-58973C02719B}.AppStore|x86.Build.0 = Release|x86
		{91B9F816-5B05-4D94-A002-58973C02719B}.AppStore|x86.Deploy.0 = Release|x86
		{91B9F816-5B05-4D94-A002-58973C02719B}.Debug|Any CPU.ActiveCfg = Debug|x86
		{91B9F816-5B05-4D94-A002-58973C02719B}.Debug|ARM.ActiveCfg = Debug|ARM
		{91B9F816-5B05-4D94-A002-58973C02719B}.Debug|ARM.Build.0 = Debug|ARM
		{91B9F816-5B05-4D94-A002-58973C02719B}.Debug|ARM.Deploy.0 = Debug|ARM
		{91B9F816-5B05-4D94-A002-58973C02719B}.Debug|iPhone.ActiveCfg = Debug|x86
		{91B9F816-5B05-4D94-A002-58973C02719B}.Debug|iPhoneSimulator.ActiveCfg = Debug|x86
		{91B9F816-5B05-4D94-A002-58973C02719B}.Debug|x64.ActiveCfg = Debug|x64
		{91B9F816-5B05-4D94-A002-58973C02719B}.Debug|x64.Build.0 = Debug|x64
		{91B9F816-5B05-4D94-A002-58973C02719B}.Debug|x64.Deploy.0 = Debug|x64
		{91B9F816-5B05-4D94-A002-58973C02719B}.Debug|x86.ActiveCfg = Debug|x86
		{91B9F816-5B05-4D94-A002-58973C02719B}.Debug|x86.Build.0 = Debug|x86
		{91B9F816-5B05-4D94-A002-58973C02719B}.Debug|x86.Deploy.0 = Debug|x86
		{91B9F816-5B05-4D94-A002-58973C02719B}.Release_iOS|Any CPU.ActiveCfg = Release|x64
		{91B9F816-5B05-4D94-A002-58973C02719B}.Release_iOS|Any CPU.Build.0 = Release|x64
		{91B9F816-5B05-4D94-A002-58973C02719B}.Release_iOS|Any CPU.Deploy.0 = Release|x64
		{91B9F816-5B05-4D94-A002-58973C02719B}.Release_iOS|ARM.ActiveCfg = Release|ARM
		{91B9F816-5B05-4D94-A002-58973C02719B}.Release_iOS|ARM.Build.0 = Release|ARM
		{91B9F816-5B05-4D94-A002-58973C02719B}.Release_iOS|ARM.Deploy.0 = Release|ARM
		{91B9F816-5B05-4D94-A002-58973C02719B}.Release_iOS|iPhone.ActiveCfg = Release|x64
		{91B9F816-5B05-4D94-A002-58973C02719B}.Release_iOS|iPhone.Build.0 = Release|x64
		{91B9F816-5B05-4D94-A002-58973C02719B}.Release_iOS|iPhone.Deploy.0 = Release|x64
		{91B9F816-5B05-4D94-A002-58973C02719B}.Release_iOS|iPhoneSimulator.ActiveCfg = Release|x64
		{91B9F816-5B05-4D94-A002-58973C02719B}.Release_iOS|iPhoneSimulator.Build.0 = Release|x64
		{91B9F816-5B05-4D94-A002-58973C02719B}.Release_iOS|iPhoneSimulator.Deploy.0 = Release|x64
		{91B9F816-5B05-4D94-A002-58973C02719B}.Release_iOS|x64.ActiveCfg = Release|x64
		{91B9F816-5B05-4D94-A002-58973C02719B}.Release_iOS|x64.Build.0 = Release|x64
		{91B9F816-5B05-4D94-A002-58973C02719B}.Release_iOS|x64.Deploy.0 = Release|x64
		{91B9F816-5B05-4D94-A002-58973C02719B}.Release_iOS|x86.ActiveCfg = Release|x86
		{91B9F816-5B05-4D94-A002-58973C02719B}.Release_iOS|x86.Build.0 = Release|x86
		{91B9F816-5B05-4D94-A002-58973C02719B}.Release_iOS|x86.Deploy.0 = Release|x86
		{91B9F816-5B05-4D94-A002-58973C02719B}.Release|Any CPU.ActiveCfg = Release|x86
		{91B9F816-5B05-4D94-A002-58973C02719B}.Release|Any CPU.Build.0 = Release|x86
		{91B9F816-5B05-4D94-A002-58973C02719B}.Release|ARM.ActiveCfg = Release|ARM
		{91B9F816-5B05-4D94-A002-58973C02719B}.Release|ARM.Build.0 = Release|ARM
		{91B9F816-5B05-4D94-A002-58973C02719B}.Release|ARM.Deploy.0 = Release|ARM
		{91B9F816-5B05-4D94-A002-58973C02719B}.Release|iPhone.ActiveCfg = Release|x86
		{91B9F816-5B05-4D94-A002-58973C02719B}.Release|iPhoneSimulator.ActiveCfg = Release|x86
		{91B9F816-5B05-4D94-A002-58973C02719B}.Release|x64.ActiveCfg = Release|x64
		{91B9F816-5B05-4D94-A002-58973C02719B}.Release|x64.Build.0 = Release|x64
		{91B9F816-5B05-4D94-A002-58973C02719B}.Release|x64.Deploy.0 = Release|x64
		{91B9F816-5B05-4D94-A002-58973C02719B}.Release|x86.ActiveCfg = Release|x86
		{91B9F816-5B05-4D94-A002-58973C02719B}.Release|x86.Build.0 = Release|x86
		{91B9F816-5B05-4D94-A002-58973C02719B}.Release|x86.Deploy.0 = Release|x86
	EndGlobalSection
	GlobalSection(SolutionProperties) = preSolution
		HideSolutionNode = FALSE
	EndGlobalSection
	GlobalSection(NestedProjects) = preSolution
		{BF14F352-F1B9-4CDE-854B-0339259A4CFD} = {1535A007-5BC4-41B6-B9CA-FDC7AAFA75F9}
		{B1A0D416-9566-45CC-AA38-41908D28CE56} = {AC00B3FD-1033-4E91-99ED-768191AF090C}
		{53D05634-F960-4526-8008-F082A598A0E4} = {83874C89-FB6F-4CAA-B48C-E5985E0FC14A}
		{5DB497CD-B469-42A8-AE39-41B8465710A6} = {9DEA169A-8E03-47A5-82C4-EB239B686252}
		{02174A60-4907-449E-818C-A25A39C0B3DC} = {FEE19EE0-392E-41B9-9D37-2D77826B5647}
		{23930C19-5A0F-4217-A80A-868505D629A4} = {B644D976-FFDC-4BD6-9DA2-76F25D04CDA7}
		{136825C7-1F60-4E77-AB0C-1E524B6C5023} = {4172B62F-742F-4603-BC7C-0ADD75E68093}
		{30B9B529-FE76-4711-817E-1EEBAD495B67} = {4172B62F-742F-4603-BC7C-0ADD75E68093}
		{30515EE5-B4A2-4EAC-ACFA-95A244C76648} = {4172B62F-742F-4603-BC7C-0ADD75E68093}
		{0D2293D6-3C35-4E6F-B73F-2C8B7BA060AC} = {4172B62F-742F-4603-BC7C-0ADD75E68093}
		{91B9F816-5B05-4D94-A002-58973C02719B} = {4172B62F-742F-4603-BC7C-0ADD75E68093}
	EndGlobalSection
	GlobalSection(ExtensibilityGlobals) = postSolution
		SolutionGuid = {A8DC09CD-F614-4A5A-A658-D6210015CABB}
	EndGlobalSection
EndGlobal
